PODS:
  - Nimble (7.3.4)
  - Quick (1.3.4)

DEPENDENCIES:
  - Nimble
  - Quick

SPEC REPOS:
  https://github.com/cocoapods/specs.git:
    - Nimble
    - Quick

SPEC CHECKSUMS:
  Nimble: 051e3d8912d40138fa5591c78594f95fb172af37
  Quick: f4f7f063c524394c73ed93ac70983c609805d481

PODFILE CHECKSUM: beca08253c9b8099ce2a3ef38677505115e0073e

COCOAPODS: 1.5.3
