PODS:
  - Nimble (7.3.2)
  - Quick (1.3.2)

DEPENDENCIES:
  - Nimble
  - Quick

SPEC REPOS:
  https://github.com/cocoapods/specs.git:
    - Nimble
    - Quick

SPEC CHECKSUMS:
  Nimble: 5e94a8cacb355943c6c87198035dc4adbb0f10e4
  Quick: 2623cb30d7a7f41ca62f684f679586558f483d46

PODFILE CHECKSUM: 3df232d64204dfb9a77d9b2de3a0009a870a6509

COCOAPODS: 1.5.3
