// !$*UTF8*$!
{
	archiveVersion = 1;
	classes = {
	};
	objectVersion = 50;
	objects = {

/* Begin PBXBuildFile section */
		1E135022786DE74247CF6783 /* Pods_AurorKit_Tests_macOS.framework in Frameworks */ = {isa = PBXBuildFile; fileRef = 0C62A792872FFA08D5778085 /* Pods_AurorKit_Tests_macOS.framework */; };
		2F2FE41AA602809A7E7E14B0 /* Pods_AurorKit_Tests_tvOS.framework in Frameworks */ = {isa = PBXBuildFile; fileRef = 1C808BE434147BC0C5E421A2 /* Pods_AurorKit_Tests_tvOS.framework */; };
		8DB7CDCAF979330B98C74E0E /* Pods_AurorKit_iOS.framework in Frameworks */ = {isa = PBXBuildFile; fileRef = 85098C465C529153E35618D5 /* Pods_AurorKit_iOS.framework */; };
		9288EFD24E051AE13A468779 /* Pods_AurorKit_tvOS.framework in Frameworks */ = {isa = PBXBuildFile; fileRef = D98F4AE16788C7D39A7C6C81 /* Pods_AurorKit_tvOS.framework */; };
		C0252D5521F3A35E00F41A26 /* ArrayExtension.swift in Sources */ = {isa = PBXBuildFile; fileRef = C0252D5421F3A35E00F41A26 /* ArrayExtension.swift */; };
		C0252D5721F3A5AC00F41A26 /* DataExtension.swift in Sources */ = {isa = PBXBuildFile; fileRef = C0252D5621F3A5AC00F41A26 /* DataExtension.swift */; };
		C0252D5C21F3BDF300F41A26 /* DataExtensionTests.swift in Sources */ = {isa = PBXBuildFile; fileRef = C0252D5821F3A9D600F41A26 /* DataExtensionTests.swift */; };
		C0252D5E21F3BEAA00F41A26 /* FloatingPointExtension.swift in Sources */ = {isa = PBXBuildFile; fileRef = C0252D5D21F3BEAA00F41A26 /* FloatingPointExtension.swift */; };
		C0252D6021F3BEED00F41A26 /* FloatingPointExtensionTests.swift in Sources */ = {isa = PBXBuildFile; fileRef = C0252D5F21F3BEED00F41A26 /* FloatingPointExtensionTests.swift */; };
		C0252D6421F3D0A300F41A26 /* StringExtensionTests.swift in Sources */ = {isa = PBXBuildFile; fileRef = C0252D6321F3D0A300F41A26 /* StringExtensionTests.swift */; };
		C0252D6521F3D0A900F41A26 /* StringExtension.swift in Sources */ = {isa = PBXBuildFile; fileRef = C0252D6121F3C37B00F41A26 /* StringExtension.swift */; };
		C0252D7021F3DCCD00F41A26 /* NSLayoutConstraintTests.swift in Sources */ = {isa = PBXBuildFile; fileRef = C0252D6F21F3DCCD00F41A26 /* NSLayoutConstraintTests.swift */; };
		C0252D7121F3DCD100F41A26 /* NSLayoutConstraintExtension.swift in Sources */ = {isa = PBXBuildFile; fileRef = C0252D6D21F3D92000F41A26 /* NSLayoutConstraintExtension.swift */; };
		C0252D7521F3E33000F41A26 /* UIEdgeInsetsExtensionTests.swift in Sources */ = {isa = PBXBuildFile; fileRef = C0252D7421F3E33000F41A26 /* UIEdgeInsetsExtensionTests.swift */; };
		C0252D7621F3E33500F41A26 /* UIEdgeInsetsExtension.swift in Sources */ = {isa = PBXBuildFile; fileRef = C0252D7221F3E2D800F41A26 /* UIEdgeInsetsExtension.swift */; };
		C0252D7821F3E43F00F41A26 /* UIImageExtension.swift in Sources */ = {isa = PBXBuildFile; fileRef = C0252D7721F3E43F00F41A26 /* UIImageExtension.swift */; };
		C0252D7A21F3E4F200F41A26 /* UIImageExtensionTests.swift in Sources */ = {isa = PBXBuildFile; fileRef = C0252D7921F3E4F200F41A26 /* UIImageExtensionTests.swift */; };
		C0336CE921F4B293006A182C /* UIViewExtension.swift in Sources */ = {isa = PBXBuildFile; fileRef = C0336CE821F4B293006A182C /* UIViewExtension.swift */; };
		C0336CED21F4B42A006A182C /* UIViewExtensionTests.swift in Sources */ = {isa = PBXBuildFile; fileRef = C0336CEA21F4B2D9006A182C /* UIViewExtensionTests.swift */; };
		C0336CEF21F4B955006A182C /* UIWindowExtension.swift in Sources */ = {isa = PBXBuildFile; fileRef = C0336CEE21F4B955006A182C /* UIWindowExtension.swift */; };
		C0336CF121F4B9F2006A182C /* UIWindowExtensionTests.swift in Sources */ = {isa = PBXBuildFile; fileRef = C0336CF021F4B9F2006A182C /* UIWindowExtensionTests.swift */; };
		C05A653421F26C3C0038EC55 /* EventTests.swift in Sources */ = {isa = PBXBuildFile; fileRef = C0E9FD6721F249D3009C453F /* EventTests.swift */; };
		C05A653521F26D590038EC55 /* Event.swift in Sources */ = {isa = PBXBuildFile; fileRef = C0A94B1D21F204CA00FC4146 /* Event.swift */; };
		C05A653621F26D5B0038EC55 /* EventConnection.swift in Sources */ = {isa = PBXBuildFile; fileRef = C0A94B2E21F20E2A00FC4146 /* EventConnection.swift */; };
		C05A653821F282330038EC55 /* EventConnectionTests.swift in Sources */ = {isa = PBXBuildFile; fileRef = C05A653721F282330038EC55 /* EventConnectionTests.swift */; };
		C05A654021F343C30038EC55 /* CollectionExtension.swift in Sources */ = {isa = PBXBuildFile; fileRef = C05A653F21F343C30038EC55 /* CollectionExtension.swift */; };
		C05A654321F3450D0038EC55 /* RangeReplaceableCollectionExtension.swift in Sources */ = {isa = PBXBuildFile; fileRef = C05A654221F3450D0038EC55 /* RangeReplaceableCollectionExtension.swift */; };
		C05A654621F353DA0038EC55 /* ContiguousArrayExtension.swift in Sources */ = {isa = PBXBuildFile; fileRef = C05A654521F353DA0038EC55 /* ContiguousArrayExtension.swift */; };
		C05A654921F354C50038EC55 /* CGPointExtension.swift in Sources */ = {isa = PBXBuildFile; fileRef = C05A654821F354C50038EC55 /* CGPointExtension.swift */; };
		C05A654E21F355340038EC55 /* ArrayExtensionTests.swift in Sources */ = {isa = PBXBuildFile; fileRef = C05A654C21F355340038EC55 /* ArrayExtensionTests.swift */; };
		C05A655021F357060038EC55 /* CGPointExtensionTests.swift in Sources */ = {isa = PBXBuildFile; fileRef = C05A654F21F357060038EC55 /* CGPointExtensionTests.swift */; };
		C05A655221F35AA70038EC55 /* CGRectExtension.swift in Sources */ = {isa = PBXBuildFile; fileRef = C05A655121F35AA70038EC55 /* CGRectExtension.swift */; };
		C05A655421F35AF80038EC55 /* CGSizeExtension.swift in Sources */ = {isa = PBXBuildFile; fileRef = C05A655321F35AF80038EC55 /* CGSizeExtension.swift */; };
		C05A655721F35FF40038EC55 /* CGSizeExtensionTests.swift in Sources */ = {isa = PBXBuildFile; fileRef = C05A655521F35D220038EC55 /* CGSizeExtensionTests.swift */; };
		C05A655A21F368830038EC55 /* CGRectExtensionTests.swift in Sources */ = {isa = PBXBuildFile; fileRef = C05A655821F3686C0038EC55 /* CGRectExtensionTests.swift */; };
		C05A655F21F3951A0038EC55 /* CollectionExtensionTests.swift in Sources */ = {isa = PBXBuildFile; fileRef = C05A655B21F392DB0038EC55 /* CollectionExtensionTests.swift */; };
		C05A656121F399DE0038EC55 /* ContiguousArrayExtensionTests.swift in Sources */ = {isa = PBXBuildFile; fileRef = C05A656021F399DE0038EC55 /* ContiguousArrayExtensionTests.swift */; };
		C05A656321F39A9B0038EC55 /* RangeReplaceableCollectionExtensionTests.swift in Sources */ = {isa = PBXBuildFile; fileRef = C05A656221F39A9B0038EC55 /* RangeReplaceableCollectionExtensionTests.swift */; };
		C080D0FC21F66C59003FBCF4 /* Event.swift in Sources */ = {isa = PBXBuildFile; fileRef = C0A94B1D21F204CA00FC4146 /* Event.swift */; };
		C080D0FD21F66C5B003FBCF4 /* EventConnection.swift in Sources */ = {isa = PBXBuildFile; fileRef = C0A94B2E21F20E2A00FC4146 /* EventConnection.swift */; };
		C080D0FE21F66C5F003FBCF4 /* ArrayExtension.swift in Sources */ = {isa = PBXBuildFile; fileRef = C0252D5421F3A35E00F41A26 /* ArrayExtension.swift */; };
		C080D0FF21F66C62003FBCF4 /* CGPointExtension.swift in Sources */ = {isa = PBXBuildFile; fileRef = C05A654821F354C50038EC55 /* CGPointExtension.swift */; };
		C080D10021F66C64003FBCF4 /* CGRectExtension.swift in Sources */ = {isa = PBXBuildFile; fileRef = C05A655121F35AA70038EC55 /* CGRectExtension.swift */; };
		C080D10121F66C68003FBCF4 /* CGSizeExtension.swift in Sources */ = {isa = PBXBuildFile; fileRef = C05A655321F35AF80038EC55 /* CGSizeExtension.swift */; };
		C080D10221F66C6A003FBCF4 /* CollectionExtension.swift in Sources */ = {isa = PBXBuildFile; fileRef = C05A653F21F343C30038EC55 /* CollectionExtension.swift */; };
		C080D10321F66C6D003FBCF4 /* ContiguousArrayExtension.swift in Sources */ = {isa = PBXBuildFile; fileRef = C05A654521F353DA0038EC55 /* ContiguousArrayExtension.swift */; };
		C080D10421F66C70003FBCF4 /* DataExtension.swift in Sources */ = {isa = PBXBuildFile; fileRef = C0252D5621F3A5AC00F41A26 /* DataExtension.swift */; };
		C080D10521F66C72003FBCF4 /* FloatingPointExtension.swift in Sources */ = {isa = PBXBuildFile; fileRef = C0252D5D21F3BEAA00F41A26 /* FloatingPointExtension.swift */; };
		C080D10621F66C77003FBCF4 /* NSLayoutConstraintExtension.swift in Sources */ = {isa = PBXBuildFile; fileRef = C0252D6D21F3D92000F41A26 /* NSLayoutConstraintExtension.swift */; };
		C080D10721F66C77003FBCF4 /* RangeReplaceableCollectionExtension.swift in Sources */ = {isa = PBXBuildFile; fileRef = C05A654221F3450D0038EC55 /* RangeReplaceableCollectionExtension.swift */; };
		C080D10821F66C77003FBCF4 /* StringExtension.swift in Sources */ = {isa = PBXBuildFile; fileRef = C0252D6121F3C37B00F41A26 /* StringExtension.swift */; };
		C080D10921F66C77003FBCF4 /* UIColorExtension.swift in Sources */ = {isa = PBXBuildFile; fileRef = C0AFE91D21F4F29600A7005D /* UIColorExtension.swift */; };
		C080D10A21F66C77003FBCF4 /* UIEdgeInsetsExtension.swift in Sources */ = {isa = PBXBuildFile; fileRef = C0252D7221F3E2D800F41A26 /* UIEdgeInsetsExtension.swift */; };
		C080D10B21F66C77003FBCF4 /* UIImageExtension.swift in Sources */ = {isa = PBXBuildFile; fileRef = C0252D7721F3E43F00F41A26 /* UIImageExtension.swift */; };
		C080D10C21F66C77003FBCF4 /* UIViewExtension.swift in Sources */ = {isa = PBXBuildFile; fileRef = C0336CE821F4B293006A182C /* UIViewExtension.swift */; };
		C080D10D21F66C77003FBCF4 /* UIWindowExtension.swift in Sources */ = {isa = PBXBuildFile; fileRef = C0336CEE21F4B955006A182C /* UIWindowExtension.swift */; };
		C080D10E21F66C83003FBCF4 /* AurorKit.h in Headers */ = {isa = PBXBuildFile; fileRef = C0E9FD7021F253A8009C453F /* AurorKit.h */; settings = {ATTRIBUTES = (Public, ); }; };
		C0A6036C21F680B9009EC42C /* AurorKit.framework in Frameworks */ = {isa = PBXBuildFile; fileRef = C080D0F421F66BD7003FBCF4 /* AurorKit.framework */; };
		C0A6037521F682D3009EC42C /* Tests.swift in Sources */ = {isa = PBXBuildFile; fileRef = C0A6037221F6825C009EC42C /* Tests.swift */; };
		C0A6037621F682D3009EC42C /* Tests.swift in Sources */ = {isa = PBXBuildFile; fileRef = C0A6037221F6825C009EC42C /* Tests.swift */; };
		C0A6037721F682D4009EC42C /* Tests.swift in Sources */ = {isa = PBXBuildFile; fileRef = C0A6037221F6825C009EC42C /* Tests.swift */; };
		C0AE178221F678520070DD72 /* Event.swift in Sources */ = {isa = PBXBuildFile; fileRef = C0A94B1D21F204CA00FC4146 /* Event.swift */; };
		C0AE178321F678520070DD72 /* EventConnection.swift in Sources */ = {isa = PBXBuildFile; fileRef = C0A94B2E21F20E2A00FC4146 /* EventConnection.swift */; };
		C0AE178421F6785A0070DD72 /* ArrayExtension.swift in Sources */ = {isa = PBXBuildFile; fileRef = C0252D5421F3A35E00F41A26 /* ArrayExtension.swift */; };
		C0AE178521F6785A0070DD72 /* CGPointExtension.swift in Sources */ = {isa = PBXBuildFile; fileRef = C05A654821F354C50038EC55 /* CGPointExtension.swift */; };
		C0AE178621F6785A0070DD72 /* CGRectExtension.swift in Sources */ = {isa = PBXBuildFile; fileRef = C05A655121F35AA70038EC55 /* CGRectExtension.swift */; };
		C0AE178721F6785A0070DD72 /* CGSizeExtension.swift in Sources */ = {isa = PBXBuildFile; fileRef = C05A655321F35AF80038EC55 /* CGSizeExtension.swift */; };
		C0AE178821F6785A0070DD72 /* CollectionExtension.swift in Sources */ = {isa = PBXBuildFile; fileRef = C05A653F21F343C30038EC55 /* CollectionExtension.swift */; };
		C0AE178921F6785A0070DD72 /* ContiguousArrayExtension.swift in Sources */ = {isa = PBXBuildFile; fileRef = C05A654521F353DA0038EC55 /* ContiguousArrayExtension.swift */; };
		C0AE178A21F6785A0070DD72 /* DataExtension.swift in Sources */ = {isa = PBXBuildFile; fileRef = C0252D5621F3A5AC00F41A26 /* DataExtension.swift */; };
		C0AE178B21F6785A0070DD72 /* FloatingPointExtension.swift in Sources */ = {isa = PBXBuildFile; fileRef = C0252D5D21F3BEAA00F41A26 /* FloatingPointExtension.swift */; };
		C0AE178D21F6785A0070DD72 /* RangeReplaceableCollectionExtension.swift in Sources */ = {isa = PBXBuildFile; fileRef = C05A654221F3450D0038EC55 /* RangeReplaceableCollectionExtension.swift */; };
		C0AE178E21F6785A0070DD72 /* StringExtension.swift in Sources */ = {isa = PBXBuildFile; fileRef = C0252D6121F3C37B00F41A26 /* StringExtension.swift */; };
		C0AE179D21F6793A0070DD72 /* AurorKit.framework in Frameworks */ = {isa = PBXBuildFile; fileRef = C0AE177A21F677E60070DD72 /* AurorKit.framework */; };
		C0AE17A321F679DF0070DD72 /* AurorKit.h in Headers */ = {isa = PBXBuildFile; fileRef = C0E9FD7021F253A8009C453F /* AurorKit.h */; settings = {ATTRIBUTES = (Public, ); }; };
		C0AE17A421F679E30070DD72 /* EventTests.swift in Sources */ = {isa = PBXBuildFile; fileRef = C0E9FD6721F249D3009C453F /* EventTests.swift */; };
		C0AE17A521F679E30070DD72 /* EventConnectionTests.swift in Sources */ = {isa = PBXBuildFile; fileRef = C05A653721F282330038EC55 /* EventConnectionTests.swift */; };
		C0AE17A621F679EB0070DD72 /* ArrayExtensionTests.swift in Sources */ = {isa = PBXBuildFile; fileRef = C05A654C21F355340038EC55 /* ArrayExtensionTests.swift */; };
		C0AE17A721F679EB0070DD72 /* CGPointExtensionTests.swift in Sources */ = {isa = PBXBuildFile; fileRef = C05A654F21F357060038EC55 /* CGPointExtensionTests.swift */; };
		C0AE17A821F679EB0070DD72 /* CGRectExtensionTests.swift in Sources */ = {isa = PBXBuildFile; fileRef = C05A655821F3686C0038EC55 /* CGRectExtensionTests.swift */; };
		C0AE17A921F679EB0070DD72 /* CGSizeExtensionTests.swift in Sources */ = {isa = PBXBuildFile; fileRef = C05A655521F35D220038EC55 /* CGSizeExtensionTests.swift */; };
		C0AE17AA21F679EB0070DD72 /* CollectionExtensionTests.swift in Sources */ = {isa = PBXBuildFile; fileRef = C05A655B21F392DB0038EC55 /* CollectionExtensionTests.swift */; };
		C0AE17AB21F679EB0070DD72 /* ContiguousArrayExtensionTests.swift in Sources */ = {isa = PBXBuildFile; fileRef = C05A656021F399DE0038EC55 /* ContiguousArrayExtensionTests.swift */; };
		C0AE17AC21F679EB0070DD72 /* DataExtensionTests.swift in Sources */ = {isa = PBXBuildFile; fileRef = C0252D5821F3A9D600F41A26 /* DataExtensionTests.swift */; };
		C0AE17AD21F679EB0070DD72 /* FloatingPointExtensionTests.swift in Sources */ = {isa = PBXBuildFile; fileRef = C0252D5F21F3BEED00F41A26 /* FloatingPointExtensionTests.swift */; };
		C0AE17AF21F679EB0070DD72 /* RangeReplaceableCollectionExtensionTests.swift in Sources */ = {isa = PBXBuildFile; fileRef = C05A656221F39A9B0038EC55 /* RangeReplaceableCollectionExtensionTests.swift */; };
		C0AE17B021F679EB0070DD72 /* StringExtensionTests.swift in Sources */ = {isa = PBXBuildFile; fileRef = C0252D6321F3D0A300F41A26 /* StringExtensionTests.swift */; };
		C0AFE91E21F4F29600A7005D /* UIColorExtension.swift in Sources */ = {isa = PBXBuildFile; fileRef = C0AFE91D21F4F29600A7005D /* UIColorExtension.swift */; };
		C0AFE92021F4F63500A7005D /* UIColorExtensionTests.swift in Sources */ = {isa = PBXBuildFile; fileRef = C0AFE91F21F4F63500A7005D /* UIColorExtensionTests.swift */; };
		C0E9FD7721F253A8009C453F /* AurorKit.framework in Frameworks */ = {isa = PBXBuildFile; fileRef = C0E9FD6E21F253A7009C453F /* AurorKit.framework */; };
		C0E9FD7E21F253A8009C453F /* AurorKit.h in Headers */ = {isa = PBXBuildFile; fileRef = C0E9FD7021F253A8009C453F /* AurorKit.h */; settings = {ATTRIBUTES = (Public, ); }; };
		C6A1CA08751D7C17FC4D3CBA /* Pods_AurorKit_Tests_iOS.framework in Frameworks */ = {isa = PBXBuildFile; fileRef = 02DF386D7694E2F925587C3C /* Pods_AurorKit_Tests_iOS.framework */; };
		F4A633FEA053DC2DC949EC22 /* Pods_AurorKit_macOS.framework in Frameworks */ = {isa = PBXBuildFile; fileRef = DBB4E7007CB44FF38238EC0B /* Pods_AurorKit_macOS.framework */; };
/* End PBXBuildFile section */

/* Begin PBXContainerItemProxy section */
		C0A6036D21F680B9009EC42C /* PBXContainerItemProxy */ = {
			isa = PBXContainerItemProxy;
			containerPortal = C0A94B0921F2049800FC4146 /* Project object */;
			proxyType = 1;
			remoteGlobalIDString = C080D0F321F66BD7003FBCF4;
			remoteInfo = "AurorKit tvOS";
		};
		C0AE179E21F6793A0070DD72 /* PBXContainerItemProxy */ = {
			isa = PBXContainerItemProxy;
			containerPortal = C0A94B0921F2049800FC4146 /* Project object */;
			proxyType = 1;
			remoteGlobalIDString = C0AE177921F677E60070DD72;
			remoteInfo = "AurorKit macOS";
		};
		C0E9FD7821F253A8009C453F /* PBXContainerItemProxy */ = {
			isa = PBXContainerItemProxy;
			containerPortal = C0A94B0921F2049800FC4146 /* Project object */;
			proxyType = 1;
			remoteGlobalIDString = C0E9FD6D21F253A7009C453F;
			remoteInfo = "Tools iOS";
		};
/* End PBXContainerItemProxy section */

/* Begin PBXFileReference section */
		02DF386D7694E2F925587C3C /* Pods_AurorKit_Tests_iOS.framework */ = {isa = PBXFileReference; explicitFileType = wrapper.framework; includeInIndex = 0; path = Pods_AurorKit_Tests_iOS.framework; sourceTree = BUILT_PRODUCTS_DIR; };
		0C62A792872FFA08D5778085 /* Pods_AurorKit_Tests_macOS.framework */ = {isa = PBXFileReference; explicitFileType = wrapper.framework; includeInIndex = 0; path = Pods_AurorKit_Tests_macOS.framework; sourceTree = BUILT_PRODUCTS_DIR; };
		1C808BE434147BC0C5E421A2 /* Pods_AurorKit_Tests_tvOS.framework */ = {isa = PBXFileReference; explicitFileType = wrapper.framework; includeInIndex = 0; path = Pods_AurorKit_Tests_tvOS.framework; sourceTree = BUILT_PRODUCTS_DIR; };
		2A1797C916E23EDF094082BC /* Pods-Tools Tests iOS.debug.xcconfig */ = {isa = PBXFileReference; includeInIndex = 1; lastKnownFileType = text.xcconfig; name = "Pods-Tools Tests iOS.debug.xcconfig"; path = "Pods/Target Support Files/Pods-Tools Tests iOS/Pods-Tools Tests iOS.debug.xcconfig"; sourceTree = "<group>"; };
		30DE42F6E4165D37080648E4 /* Pods-AurorKit macOS.debug.xcconfig */ = {isa = PBXFileReference; includeInIndex = 1; lastKnownFileType = text.xcconfig; name = "Pods-AurorKit macOS.debug.xcconfig"; path = "Pods/Target Support Files/Pods-AurorKit macOS/Pods-AurorKit macOS.debug.xcconfig"; sourceTree = "<group>"; };
		419C987651E8C27EE4DC0711 /* Pods-AurorKit Tests iOS.debug.xcconfig */ = {isa = PBXFileReference; includeInIndex = 1; lastKnownFileType = text.xcconfig; name = "Pods-AurorKit Tests iOS.debug.xcconfig"; path = "Pods/Target Support Files/Pods-AurorKit Tests iOS/Pods-AurorKit Tests iOS.debug.xcconfig"; sourceTree = "<group>"; };
		41E970DCF7C6C31014757D38 /* Pods-AurorKit tvOS.release.xcconfig */ = {isa = PBXFileReference; includeInIndex = 1; lastKnownFileType = text.xcconfig; name = "Pods-AurorKit tvOS.release.xcconfig"; path = "Pods/Target Support Files/Pods-AurorKit tvOS/Pods-AurorKit tvOS.release.xcconfig"; sourceTree = "<group>"; };
		4729FDF1840038709A92D52D /* Pods_Tools.framework */ = {isa = PBXFileReference; explicitFileType = wrapper.framework; includeInIndex = 0; path = Pods_Tools.framework; sourceTree = BUILT_PRODUCTS_DIR; };
		4D88DA49C686B691E290915B /* Pods-AurorKit iOS.release.xcconfig */ = {isa = PBXFileReference; includeInIndex = 1; lastKnownFileType = text.xcconfig; name = "Pods-AurorKit iOS.release.xcconfig"; path = "Pods/Target Support Files/Pods-AurorKit iOS/Pods-AurorKit iOS.release.xcconfig"; sourceTree = "<group>"; };
		51838DBE8E0F632983485FE5 /* Pods-Tools iOS.release.xcconfig */ = {isa = PBXFileReference; includeInIndex = 1; lastKnownFileType = text.xcconfig; name = "Pods-Tools iOS.release.xcconfig"; path = "Pods/Target Support Files/Pods-Tools iOS/Pods-Tools iOS.release.xcconfig"; sourceTree = "<group>"; };
		53521E43618BBC71546FD3A0 /* Pods_ToolsTests.framework */ = {isa = PBXFileReference; explicitFileType = wrapper.framework; includeInIndex = 0; path = Pods_ToolsTests.framework; sourceTree = BUILT_PRODUCTS_DIR; };
		673888F294850D16CD82D675 /* Pods-AurorKit Tests tvOS.release.xcconfig */ = {isa = PBXFileReference; includeInIndex = 1; lastKnownFileType = text.xcconfig; name = "Pods-AurorKit Tests tvOS.release.xcconfig"; path = "Pods/Target Support Files/Pods-AurorKit Tests tvOS/Pods-AurorKit Tests tvOS.release.xcconfig"; sourceTree = "<group>"; };
		6D805ABE17E7A4C045DA5C2E /* Pods-AurorKit Tests macOS.release.xcconfig */ = {isa = PBXFileReference; includeInIndex = 1; lastKnownFileType = text.xcconfig; name = "Pods-AurorKit Tests macOS.release.xcconfig"; path = "Pods/Target Support Files/Pods-AurorKit Tests macOS/Pods-AurorKit Tests macOS.release.xcconfig"; sourceTree = "<group>"; };
		705A5036C99D0373556C95DF /* Pods-ToolsTests.debug.xcconfig */ = {isa = PBXFileReference; includeInIndex = 1; lastKnownFileType = text.xcconfig; name = "Pods-ToolsTests.debug.xcconfig"; path = "Pods/Target Support Files/Pods-ToolsTests/Pods-ToolsTests.debug.xcconfig"; sourceTree = "<group>"; };
		85098C465C529153E35618D5 /* Pods_AurorKit_iOS.framework */ = {isa = PBXFileReference; explicitFileType = wrapper.framework; includeInIndex = 0; path = Pods_AurorKit_iOS.framework; sourceTree = BUILT_PRODUCTS_DIR; };
		86F2C0ACD94EC7673833AE84 /* Pods-AurorKit Tests tvOS.debug.xcconfig */ = {isa = PBXFileReference; includeInIndex = 1; lastKnownFileType = text.xcconfig; name = "Pods-AurorKit Tests tvOS.debug.xcconfig"; path = "Pods/Target Support Files/Pods-AurorKit Tests tvOS/Pods-AurorKit Tests tvOS.debug.xcconfig"; sourceTree = "<group>"; };
		995185B164442F4E0C9198F0 /* Pods-AurorKit Tests macOS.debug.xcconfig */ = {isa = PBXFileReference; includeInIndex = 1; lastKnownFileType = text.xcconfig; name = "Pods-AurorKit Tests macOS.debug.xcconfig"; path = "Pods/Target Support Files/Pods-AurorKit Tests macOS/Pods-AurorKit Tests macOS.debug.xcconfig"; sourceTree = "<group>"; };
		A307A5D2709CCE5883715795 /* Pods-Tools iOS.debug.xcconfig */ = {isa = PBXFileReference; includeInIndex = 1; lastKnownFileType = text.xcconfig; name = "Pods-Tools iOS.debug.xcconfig"; path = "Pods/Target Support Files/Pods-Tools iOS/Pods-Tools iOS.debug.xcconfig"; sourceTree = "<group>"; };
		A615379005C214C0E252ED2C /* Pods_Tools_iOS.framework */ = {isa = PBXFileReference; explicitFileType = wrapper.framework; includeInIndex = 0; path = Pods_Tools_iOS.framework; sourceTree = BUILT_PRODUCTS_DIR; };
		BF8A3DA52A751CCAD383D67A /* Pods-Tools.release.xcconfig */ = {isa = PBXFileReference; includeInIndex = 1; lastKnownFileType = text.xcconfig; name = "Pods-Tools.release.xcconfig"; path = "Pods/Target Support Files/Pods-Tools/Pods-Tools.release.xcconfig"; sourceTree = "<group>"; };
		C000DF1021F3A29E001B535B /* AurorKit.podspec */ = {isa = PBXFileReference; fileEncoding = 4; lastKnownFileType = text; path = AurorKit.podspec; sourceTree = "<group>"; };
		C0252D5421F3A35E00F41A26 /* ArrayExtension.swift */ = {isa = PBXFileReference; fileEncoding = 4; lastKnownFileType = sourcecode.swift; path = ArrayExtension.swift; sourceTree = "<group>"; };
		C0252D5621F3A5AC00F41A26 /* DataExtension.swift */ = {isa = PBXFileReference; lastKnownFileType = sourcecode.swift; path = DataExtension.swift; sourceTree = "<group>"; };
		C0252D5821F3A9D600F41A26 /* DataExtensionTests.swift */ = {isa = PBXFileReference; lastKnownFileType = sourcecode.swift; path = DataExtensionTests.swift; sourceTree = "<group>"; };
		C0252D5D21F3BEAA00F41A26 /* FloatingPointExtension.swift */ = {isa = PBXFileReference; lastKnownFileType = sourcecode.swift; path = FloatingPointExtension.swift; sourceTree = "<group>"; };
		C0252D5F21F3BEED00F41A26 /* FloatingPointExtensionTests.swift */ = {isa = PBXFileReference; lastKnownFileType = sourcecode.swift; path = FloatingPointExtensionTests.swift; sourceTree = "<group>"; };
		C0252D6121F3C37B00F41A26 /* StringExtension.swift */ = {isa = PBXFileReference; lastKnownFileType = sourcecode.swift; path = StringExtension.swift; sourceTree = "<group>"; };
		C0252D6321F3D0A300F41A26 /* StringExtensionTests.swift */ = {isa = PBXFileReference; lastKnownFileType = sourcecode.swift; path = StringExtensionTests.swift; sourceTree = "<group>"; };
		C0252D6D21F3D92000F41A26 /* NSLayoutConstraintExtension.swift */ = {isa = PBXFileReference; lastKnownFileType = sourcecode.swift; path = NSLayoutConstraintExtension.swift; sourceTree = "<group>"; };
		C0252D6F21F3DCCD00F41A26 /* NSLayoutConstraintTests.swift */ = {isa = PBXFileReference; lastKnownFileType = sourcecode.swift; path = NSLayoutConstraintTests.swift; sourceTree = "<group>"; };
		C0252D7221F3E2D800F41A26 /* UIEdgeInsetsExtension.swift */ = {isa = PBXFileReference; lastKnownFileType = sourcecode.swift; path = UIEdgeInsetsExtension.swift; sourceTree = "<group>"; };
		C0252D7421F3E33000F41A26 /* UIEdgeInsetsExtensionTests.swift */ = {isa = PBXFileReference; lastKnownFileType = sourcecode.swift; path = UIEdgeInsetsExtensionTests.swift; sourceTree = "<group>"; };
		C0252D7721F3E43F00F41A26 /* UIImageExtension.swift */ = {isa = PBXFileReference; lastKnownFileType = sourcecode.swift; path = UIImageExtension.swift; sourceTree = "<group>"; };
		C0252D7921F3E4F200F41A26 /* UIImageExtensionTests.swift */ = {isa = PBXFileReference; lastKnownFileType = sourcecode.swift; path = UIImageExtensionTests.swift; sourceTree = "<group>"; };
		C0336CE821F4B293006A182C /* UIViewExtension.swift */ = {isa = PBXFileReference; lastKnownFileType = sourcecode.swift; path = UIViewExtension.swift; sourceTree = "<group>"; };
		C0336CEA21F4B2D9006A182C /* UIViewExtensionTests.swift */ = {isa = PBXFileReference; lastKnownFileType = sourcecode.swift; path = UIViewExtensionTests.swift; sourceTree = "<group>"; };
		C0336CEE21F4B955006A182C /* UIWindowExtension.swift */ = {isa = PBXFileReference; lastKnownFileType = sourcecode.swift; path = UIWindowExtension.swift; sourceTree = "<group>"; };
		C0336CF021F4B9F2006A182C /* UIWindowExtensionTests.swift */ = {isa = PBXFileReference; lastKnownFileType = sourcecode.swift; path = UIWindowExtensionTests.swift; sourceTree = "<group>"; };
		C05A653721F282330038EC55 /* EventConnectionTests.swift */ = {isa = PBXFileReference; lastKnownFileType = sourcecode.swift; path = EventConnectionTests.swift; sourceTree = "<group>"; };
		C05A653F21F343C30038EC55 /* CollectionExtension.swift */ = {isa = PBXFileReference; lastKnownFileType = sourcecode.swift; path = CollectionExtension.swift; sourceTree = "<group>"; };
		C05A654221F3450D0038EC55 /* RangeReplaceableCollectionExtension.swift */ = {isa = PBXFileReference; lastKnownFileType = sourcecode.swift; path = RangeReplaceableCollectionExtension.swift; sourceTree = "<group>"; };
		C05A654521F353DA0038EC55 /* ContiguousArrayExtension.swift */ = {isa = PBXFileReference; lastKnownFileType = sourcecode.swift; path = ContiguousArrayExtension.swift; sourceTree = "<group>"; };
		C05A654821F354C50038EC55 /* CGPointExtension.swift */ = {isa = PBXFileReference; lastKnownFileType = sourcecode.swift; path = CGPointExtension.swift; sourceTree = "<group>"; };
		C05A654C21F355340038EC55 /* ArrayExtensionTests.swift */ = {isa = PBXFileReference; lastKnownFileType = sourcecode.swift; path = ArrayExtensionTests.swift; sourceTree = "<group>"; };
		C05A654F21F357060038EC55 /* CGPointExtensionTests.swift */ = {isa = PBXFileReference; lastKnownFileType = sourcecode.swift; path = CGPointExtensionTests.swift; sourceTree = "<group>"; };
		C05A655121F35AA70038EC55 /* CGRectExtension.swift */ = {isa = PBXFileReference; lastKnownFileType = sourcecode.swift; path = CGRectExtension.swift; sourceTree = "<group>"; };
		C05A655321F35AF80038EC55 /* CGSizeExtension.swift */ = {isa = PBXFileReference; lastKnownFileType = sourcecode.swift; path = CGSizeExtension.swift; sourceTree = "<group>"; };
		C05A655521F35D220038EC55 /* CGSizeExtensionTests.swift */ = {isa = PBXFileReference; lastKnownFileType = sourcecode.swift; path = CGSizeExtensionTests.swift; sourceTree = "<group>"; };
		C05A655821F3686C0038EC55 /* CGRectExtensionTests.swift */ = {isa = PBXFileReference; lastKnownFileType = sourcecode.swift; path = CGRectExtensionTests.swift; sourceTree = "<group>"; };
		C05A655B21F392DB0038EC55 /* CollectionExtensionTests.swift */ = {isa = PBXFileReference; lastKnownFileType = sourcecode.swift; path = CollectionExtensionTests.swift; sourceTree = "<group>"; };
		C05A656021F399DE0038EC55 /* ContiguousArrayExtensionTests.swift */ = {isa = PBXFileReference; lastKnownFileType = sourcecode.swift; path = ContiguousArrayExtensionTests.swift; sourceTree = "<group>"; };
		C05A656221F39A9B0038EC55 /* RangeReplaceableCollectionExtensionTests.swift */ = {isa = PBXFileReference; lastKnownFileType = sourcecode.swift; path = RangeReplaceableCollectionExtensionTests.swift; sourceTree = "<group>"; };
		C080D0F421F66BD7003FBCF4 /* AurorKit.framework */ = {isa = PBXFileReference; explicitFileType = wrapper.framework; includeInIndex = 0; path = AurorKit.framework; sourceTree = BUILT_PRODUCTS_DIR; };
		C0A6036721F680B9009EC42C /* AurorKit Tests tvOS.xctest */ = {isa = PBXFileReference; explicitFileType = wrapper.cfbundle; includeInIndex = 0; path = "AurorKit Tests tvOS.xctest"; sourceTree = BUILT_PRODUCTS_DIR; };
		C0A6037221F6825C009EC42C /* Tests.swift */ = {isa = PBXFileReference; lastKnownFileType = sourcecode.swift; path = Tests.swift; sourceTree = "<group>"; };
		C0A94B1D21F204CA00FC4146 /* Event.swift */ = {isa = PBXFileReference; lastKnownFileType = sourcecode.swift; path = Event.swift; sourceTree = "<group>"; };
		C0A94B2721F2056400FC4146 /* Info.plist */ = {isa = PBXFileReference; lastKnownFileType = text.plist.xml; path = Info.plist; sourceTree = "<group>"; };
		C0A94B2E21F20E2A00FC4146 /* EventConnection.swift */ = {isa = PBXFileReference; lastKnownFileType = sourcecode.swift; path = EventConnection.swift; sourceTree = "<group>"; };
		C0AE177A21F677E60070DD72 /* AurorKit.framework */ = {isa = PBXFileReference; explicitFileType = wrapper.framework; includeInIndex = 0; path = AurorKit.framework; sourceTree = BUILT_PRODUCTS_DIR; };
		C0AE179821F6793A0070DD72 /* AurorKit Tests macOS.xctest */ = {isa = PBXFileReference; explicitFileType = wrapper.cfbundle; includeInIndex = 0; path = "AurorKit Tests macOS.xctest"; sourceTree = BUILT_PRODUCTS_DIR; };
		C0AFE91D21F4F29600A7005D /* UIColorExtension.swift */ = {isa = PBXFileReference; lastKnownFileType = sourcecode.swift; path = UIColorExtension.swift; sourceTree = "<group>"; };
		C0AFE91F21F4F63500A7005D /* UIColorExtensionTests.swift */ = {isa = PBXFileReference; lastKnownFileType = sourcecode.swift; path = UIColorExtensionTests.swift; sourceTree = "<group>"; };
		C0E9FD6421F24990009C453F /* README.md */ = {isa = PBXFileReference; lastKnownFileType = net.daringfireball.markdown; path = README.md; sourceTree = "<group>"; };
		C0E9FD6521F24990009C453F /* LICENSE */ = {isa = PBXFileReference; lastKnownFileType = text; path = LICENSE; sourceTree = "<group>"; };
		C0E9FD6721F249D3009C453F /* EventTests.swift */ = {isa = PBXFileReference; lastKnownFileType = sourcecode.swift; path = EventTests.swift; sourceTree = "<group>"; };
		C0E9FD6E21F253A7009C453F /* AurorKit.framework */ = {isa = PBXFileReference; explicitFileType = wrapper.framework; includeInIndex = 0; path = AurorKit.framework; sourceTree = BUILT_PRODUCTS_DIR; };
		C0E9FD7021F253A8009C453F /* AurorKit.h */ = {isa = PBXFileReference; lastKnownFileType = sourcecode.c.h; path = AurorKit.h; sourceTree = "<group>"; };
		C0E9FD7121F253A8009C453F /* Info.plist */ = {isa = PBXFileReference; lastKnownFileType = text.plist.xml; path = Info.plist; sourceTree = "<group>"; };
		C0E9FD7621F253A8009C453F /* AurorKit Tests iOS.xctest */ = {isa = PBXFileReference; explicitFileType = wrapper.cfbundle; includeInIndex = 0; path = "AurorKit Tests iOS.xctest"; sourceTree = BUILT_PRODUCTS_DIR; };
		C294FBE62203D98B00ECCB4E /* Bootstrap.sh */ = {isa = PBXFileReference; fileEncoding = 4; lastKnownFileType = text.script.sh; path = Bootstrap.sh; sourceTree = "<group>"; };
		C2CD9CEA22103DF100EBB05B /* .codecov.yml */ = {isa = PBXFileReference; lastKnownFileType = text; path = .codecov.yml; sourceTree = "<group>"; };
		C2CD9CEB22103DF100EBB05B /* .gitignore */ = {isa = PBXFileReference; lastKnownFileType = text; path = .gitignore; sourceTree = "<group>"; };
		C2CD9CEC22103DF100EBB05B /* .swiftlint.yml */ = {isa = PBXFileReference; lastKnownFileType = text; path = .swiftlint.yml; sourceTree = "<group>"; };
		C2CD9CED22103DF100EBB05B /* .travis.yml */ = {isa = PBXFileReference; lastKnownFileType = text; path = .travis.yml; sourceTree = "<group>"; };
		D023EA186ECF76C7D5EC6690 /* Pods-Tools Tests iOS.release.xcconfig */ = {isa = PBXFileReference; includeInIndex = 1; lastKnownFileType = text.xcconfig; name = "Pods-Tools Tests iOS.release.xcconfig"; path = "Pods/Target Support Files/Pods-Tools Tests iOS/Pods-Tools Tests iOS.release.xcconfig"; sourceTree = "<group>"; };
		D36F6A818A8A1DA9E5CE5E34 /* Pods-AurorKit macOS.release.xcconfig */ = {isa = PBXFileReference; includeInIndex = 1; lastKnownFileType = text.xcconfig; name = "Pods-AurorKit macOS.release.xcconfig"; path = "Pods/Target Support Files/Pods-AurorKit macOS/Pods-AurorKit macOS.release.xcconfig"; sourceTree = "<group>"; };
		D6414EEBC854146F383353DF /* Pods-AurorKit Tests iOS.release.xcconfig */ = {isa = PBXFileReference; includeInIndex = 1; lastKnownFileType = text.xcconfig; name = "Pods-AurorKit Tests iOS.release.xcconfig"; path = "Pods/Target Support Files/Pods-AurorKit Tests iOS/Pods-AurorKit Tests iOS.release.xcconfig"; sourceTree = "<group>"; };
		D747C59744FA10EC5ED9298D /* Pods-AurorKit tvOS.debug.xcconfig */ = {isa = PBXFileReference; includeInIndex = 1; lastKnownFileType = text.xcconfig; name = "Pods-AurorKit tvOS.debug.xcconfig"; path = "Pods/Target Support Files/Pods-AurorKit tvOS/Pods-AurorKit tvOS.debug.xcconfig"; sourceTree = "<group>"; };
		D98F4AE16788C7D39A7C6C81 /* Pods_AurorKit_tvOS.framework */ = {isa = PBXFileReference; explicitFileType = wrapper.framework; includeInIndex = 0; path = Pods_AurorKit_tvOS.framework; sourceTree = BUILT_PRODUCTS_DIR; };
		DBB4E7007CB44FF38238EC0B /* Pods_AurorKit_macOS.framework */ = {isa = PBXFileReference; explicitFileType = wrapper.framework; includeInIndex = 0; path = Pods_AurorKit_macOS.framework; sourceTree = BUILT_PRODUCTS_DIR; };
		E8BD169B3AA76E91FD1F2917 /* Pods_Tools_Tests_iOS.framework */ = {isa = PBXFileReference; explicitFileType = wrapper.framework; includeInIndex = 0; path = Pods_Tools_Tests_iOS.framework; sourceTree = BUILT_PRODUCTS_DIR; };
		EC0C46562E338F44E3D9382E /* Pods-ToolsTests.release.xcconfig */ = {isa = PBXFileReference; includeInIndex = 1; lastKnownFileType = text.xcconfig; name = "Pods-ToolsTests.release.xcconfig"; path = "Pods/Target Support Files/Pods-ToolsTests/Pods-ToolsTests.release.xcconfig"; sourceTree = "<group>"; };
		FEDE77F67EE8D78875B43718 /* Pods-AurorKit iOS.debug.xcconfig */ = {isa = PBXFileReference; includeInIndex = 1; lastKnownFileType = text.xcconfig; name = "Pods-AurorKit iOS.debug.xcconfig"; path = "Pods/Target Support Files/Pods-AurorKit iOS/Pods-AurorKit iOS.debug.xcconfig"; sourceTree = "<group>"; };
		FEF0FEF9115ADB49FB89A315 /* Pods-Tools.debug.xcconfig */ = {isa = PBXFileReference; includeInIndex = 1; lastKnownFileType = text.xcconfig; name = "Pods-Tools.debug.xcconfig"; path = "Pods/Target Support Files/Pods-Tools/Pods-Tools.debug.xcconfig"; sourceTree = "<group>"; };
/* End PBXFileReference section */

/* Begin PBXFrameworksBuildPhase section */
		C080D0F121F66BD7003FBCF4 /* Frameworks */ = {
			isa = PBXFrameworksBuildPhase;
			buildActionMask = 2147483647;
			files = (
				9288EFD24E051AE13A468779 /* Pods_AurorKit_tvOS.framework in Frameworks */,
			);
			runOnlyForDeploymentPostprocessing = 0;
		};
		C0A6036421F680B9009EC42C /* Frameworks */ = {
			isa = PBXFrameworksBuildPhase;
			buildActionMask = 2147483647;
			files = (
				C0A6036C21F680B9009EC42C /* AurorKit.framework in Frameworks */,
				2F2FE41AA602809A7E7E14B0 /* Pods_AurorKit_Tests_tvOS.framework in Frameworks */,
			);
			runOnlyForDeploymentPostprocessing = 0;
		};
		C0AE177721F677E60070DD72 /* Frameworks */ = {
			isa = PBXFrameworksBuildPhase;
			buildActionMask = 2147483647;
			files = (
				F4A633FEA053DC2DC949EC22 /* Pods_AurorKit_macOS.framework in Frameworks */,
			);
			runOnlyForDeploymentPostprocessing = 0;
		};
		C0AE179521F6793A0070DD72 /* Frameworks */ = {
			isa = PBXFrameworksBuildPhase;
			buildActionMask = 2147483647;
			files = (
				C0AE179D21F6793A0070DD72 /* AurorKit.framework in Frameworks */,
				1E135022786DE74247CF6783 /* Pods_AurorKit_Tests_macOS.framework in Frameworks */,
			);
			runOnlyForDeploymentPostprocessing = 0;
		};
		C0E9FD6B21F253A7009C453F /* Frameworks */ = {
			isa = PBXFrameworksBuildPhase;
			buildActionMask = 2147483647;
			files = (
				8DB7CDCAF979330B98C74E0E /* Pods_AurorKit_iOS.framework in Frameworks */,
			);
			runOnlyForDeploymentPostprocessing = 0;
		};
		C0E9FD7321F253A8009C453F /* Frameworks */ = {
			isa = PBXFrameworksBuildPhase;
			buildActionMask = 2147483647;
			files = (
				C0E9FD7721F253A8009C453F /* AurorKit.framework in Frameworks */,
				C6A1CA08751D7C17FC4D3CBA /* Pods_AurorKit_Tests_iOS.framework in Frameworks */,
			);
			runOnlyForDeploymentPostprocessing = 0;
		};
/* End PBXFrameworksBuildPhase section */

/* Begin PBXGroup section */
		C05A653921F341C60038EC55 /* Extensions */ = {
			isa = PBXGroup;
			children = (
				C0252D5421F3A35E00F41A26 /* ArrayExtension.swift */,
				C05A654821F354C50038EC55 /* CGPointExtension.swift */,
				C05A655121F35AA70038EC55 /* CGRectExtension.swift */,
				C05A655321F35AF80038EC55 /* CGSizeExtension.swift */,
				C05A653F21F343C30038EC55 /* CollectionExtension.swift */,
				C05A654521F353DA0038EC55 /* ContiguousArrayExtension.swift */,
				C0252D5621F3A5AC00F41A26 /* DataExtension.swift */,
				C0252D5D21F3BEAA00F41A26 /* FloatingPointExtension.swift */,
				C0252D6D21F3D92000F41A26 /* NSLayoutConstraintExtension.swift */,
				C05A654221F3450D0038EC55 /* RangeReplaceableCollectionExtension.swift */,
				C0252D6121F3C37B00F41A26 /* StringExtension.swift */,
				C0AFE91D21F4F29600A7005D /* UIColorExtension.swift */,
				C0252D7221F3E2D800F41A26 /* UIEdgeInsetsExtension.swift */,
				C0252D7721F3E43F00F41A26 /* UIImageExtension.swift */,
				C0336CE821F4B293006A182C /* UIViewExtension.swift */,
				C0336CEE21F4B955006A182C /* UIWindowExtension.swift */,
			);
			path = Extensions;
			sourceTree = "<group>";
		};
		C05A653C21F3420E0038EC55 /* Extensions */ = {
			isa = PBXGroup;
			children = (
				C05A654C21F355340038EC55 /* ArrayExtensionTests.swift */,
				C05A654F21F357060038EC55 /* CGPointExtensionTests.swift */,
				C05A655821F3686C0038EC55 /* CGRectExtensionTests.swift */,
				C05A655521F35D220038EC55 /* CGSizeExtensionTests.swift */,
				C05A655B21F392DB0038EC55 /* CollectionExtensionTests.swift */,
				C05A656021F399DE0038EC55 /* ContiguousArrayExtensionTests.swift */,
				C0252D5821F3A9D600F41A26 /* DataExtensionTests.swift */,
				C0252D5F21F3BEED00F41A26 /* FloatingPointExtensionTests.swift */,
				C0252D6F21F3DCCD00F41A26 /* NSLayoutConstraintTests.swift */,
				C05A656221F39A9B0038EC55 /* RangeReplaceableCollectionExtensionTests.swift */,
				C0252D6321F3D0A300F41A26 /* StringExtensionTests.swift */,
				C0AFE91F21F4F63500A7005D /* UIColorExtensionTests.swift */,
				C0252D7421F3E33000F41A26 /* UIEdgeInsetsExtensionTests.swift */,
				C0252D7921F3E4F200F41A26 /* UIImageExtensionTests.swift */,
				C0336CEA21F4B2D9006A182C /* UIViewExtensionTests.swift */,
				C0336CF021F4B9F2006A182C /* UIWindowExtensionTests.swift */,
			);
			path = Extensions;
			sourceTree = "<group>";
		};
		C0A94B0821F2049800FC4146 = {
			isa = PBXGroup;
			children = (
				C0A94B1321F2049800FC4146 /* AurorKit */,
				C0A94B2421F2056400FC4146 /* AurorKitTests */,
				C0A94B1221F2049800FC4146 /* Products */,
				DC06566D72A556AAB638D1C7 /* Pods */,
				DB79692F833E04AC6C64F6CE /* Frameworks */,
				C2CD9CEA22103DF100EBB05B /* .codecov.yml */,
				C2CD9CEB22103DF100EBB05B /* .gitignore */,
				C2CD9CEC22103DF100EBB05B /* .swiftlint.yml */,
				C2CD9CED22103DF100EBB05B /* .travis.yml */,
				C000DF1021F3A29E001B535B /* AurorKit.podspec */,
				C294FBE62203D98B00ECCB4E /* Bootstrap.sh */,
				C0E9FD6521F24990009C453F /* LICENSE */,
				C0E9FD6421F24990009C453F /* README.md */,
			);
			sourceTree = "<group>";
		};
		C0A94B1221F2049800FC4146 /* Products */ = {
			isa = PBXGroup;
			children = (
				C0E9FD6E21F253A7009C453F /* AurorKit.framework */,
				C0E9FD7621F253A8009C453F /* AurorKit Tests iOS.xctest */,
				C080D0F421F66BD7003FBCF4 /* AurorKit.framework */,
				C0AE177A21F677E60070DD72 /* AurorKit.framework */,
				C0AE179821F6793A0070DD72 /* AurorKit Tests macOS.xctest */,
				C0A6036721F680B9009EC42C /* AurorKit Tests tvOS.xctest */,
			);
			name = Products;
			sourceTree = "<group>";
		};
		C0A94B1321F2049800FC4146 /* AurorKit */ = {
			isa = PBXGroup;
			children = (
				C0A94B1B21F204A500FC4146 /* Events */,
				C05A653921F341C60038EC55 /* Extensions */,
				C0E9FD7121F253A8009C453F /* Info.plist */,
				C0E9FD7021F253A8009C453F /* AurorKit.h */,
			);
			path = AurorKit;
			sourceTree = "<group>";
		};
		C0A94B1B21F204A500FC4146 /* Events */ = {
			isa = PBXGroup;
			children = (
				C0A94B1D21F204CA00FC4146 /* Event.swift */,
				C0A94B2E21F20E2A00FC4146 /* EventConnection.swift */,
			);
			path = Events;
			sourceTree = "<group>";
		};
		C0A94B2421F2056400FC4146 /* AurorKitTests */ = {
			isa = PBXGroup;
			children = (
				C0E9FD6221F2496A009C453F /* Events */,
				C05A653C21F3420E0038EC55 /* Extensions */,
				C0A94B2721F2056400FC4146 /* Info.plist */,
				C0A6037221F6825C009EC42C /* Tests.swift */,
			);
			path = AurorKitTests;
			sourceTree = "<group>";
		};
		C0E9FD6221F2496A009C453F /* Events */ = {
			isa = PBXGroup;
			children = (
				C0E9FD6721F249D3009C453F /* EventTests.swift */,
				C05A653721F282330038EC55 /* EventConnectionTests.swift */,
			);
			path = Events;
			sourceTree = "<group>";
		};
		DB79692F833E04AC6C64F6CE /* Frameworks */ = {
			isa = PBXGroup;
			children = (
				4729FDF1840038709A92D52D /* Pods_Tools.framework */,
				53521E43618BBC71546FD3A0 /* Pods_ToolsTests.framework */,
				E8BD169B3AA76E91FD1F2917 /* Pods_Tools_Tests_iOS.framework */,
				A615379005C214C0E252ED2C /* Pods_Tools_iOS.framework */,
				02DF386D7694E2F925587C3C /* Pods_AurorKit_Tests_iOS.framework */,
				85098C465C529153E35618D5 /* Pods_AurorKit_iOS.framework */,
				D98F4AE16788C7D39A7C6C81 /* Pods_AurorKit_tvOS.framework */,
				1C808BE434147BC0C5E421A2 /* Pods_AurorKit_Tests_tvOS.framework */,
				DBB4E7007CB44FF38238EC0B /* Pods_AurorKit_macOS.framework */,
				0C62A792872FFA08D5778085 /* Pods_AurorKit_Tests_macOS.framework */,
			);
			name = Frameworks;
			sourceTree = "<group>";
		};
		DC06566D72A556AAB638D1C7 /* Pods */ = {
			isa = PBXGroup;
			children = (
				FEF0FEF9115ADB49FB89A315 /* Pods-Tools.debug.xcconfig */,
				BF8A3DA52A751CCAD383D67A /* Pods-Tools.release.xcconfig */,
				705A5036C99D0373556C95DF /* Pods-ToolsTests.debug.xcconfig */,
				EC0C46562E338F44E3D9382E /* Pods-ToolsTests.release.xcconfig */,
				2A1797C916E23EDF094082BC /* Pods-Tools Tests iOS.debug.xcconfig */,
				D023EA186ECF76C7D5EC6690 /* Pods-Tools Tests iOS.release.xcconfig */,
				A307A5D2709CCE5883715795 /* Pods-Tools iOS.debug.xcconfig */,
				51838DBE8E0F632983485FE5 /* Pods-Tools iOS.release.xcconfig */,
				419C987651E8C27EE4DC0711 /* Pods-AurorKit Tests iOS.debug.xcconfig */,
				D6414EEBC854146F383353DF /* Pods-AurorKit Tests iOS.release.xcconfig */,
				FEDE77F67EE8D78875B43718 /* Pods-AurorKit iOS.debug.xcconfig */,
				4D88DA49C686B691E290915B /* Pods-AurorKit iOS.release.xcconfig */,
				D747C59744FA10EC5ED9298D /* Pods-AurorKit tvOS.debug.xcconfig */,
				41E970DCF7C6C31014757D38 /* Pods-AurorKit tvOS.release.xcconfig */,
				86F2C0ACD94EC7673833AE84 /* Pods-AurorKit Tests tvOS.debug.xcconfig */,
				673888F294850D16CD82D675 /* Pods-AurorKit Tests tvOS.release.xcconfig */,
				30DE42F6E4165D37080648E4 /* Pods-AurorKit macOS.debug.xcconfig */,
				D36F6A818A8A1DA9E5CE5E34 /* Pods-AurorKit macOS.release.xcconfig */,
				995185B164442F4E0C9198F0 /* Pods-AurorKit Tests macOS.debug.xcconfig */,
				6D805ABE17E7A4C045DA5C2E /* Pods-AurorKit Tests macOS.release.xcconfig */,
			);
			name = Pods;
			sourceTree = "<group>";
		};
/* End PBXGroup section */

/* Begin PBXHeadersBuildPhase section */
		C080D0EF21F66BD7003FBCF4 /* Headers */ = {
			isa = PBXHeadersBuildPhase;
			buildActionMask = 2147483647;
			files = (
				C080D10E21F66C83003FBCF4 /* AurorKit.h in Headers */,
			);
			runOnlyForDeploymentPostprocessing = 0;
		};
		C0AE177521F677E60070DD72 /* Headers */ = {
			isa = PBXHeadersBuildPhase;
			buildActionMask = 2147483647;
			files = (
				C0AE17A321F679DF0070DD72 /* AurorKit.h in Headers */,
			);
			runOnlyForDeploymentPostprocessing = 0;
		};
		C0E9FD6921F253A7009C453F /* Headers */ = {
			isa = PBXHeadersBuildPhase;
			buildActionMask = 2147483647;
			files = (
				C0E9FD7E21F253A8009C453F /* AurorKit.h in Headers */,
			);
			runOnlyForDeploymentPostprocessing = 0;
		};
/* End PBXHeadersBuildPhase section */

/* Begin PBXNativeTarget section */
		C080D0F321F66BD7003FBCF4 /* AurorKit tvOS */ = {
			isa = PBXNativeTarget;
			buildConfigurationList = C080D0F921F66BD7003FBCF4 /* Build configuration list for PBXNativeTarget "AurorKit tvOS" */;
			buildPhases = (
				C1F4F43AA3CF698836653909 /* [CP] Check Pods Manifest.lock */,
				C080D0EF21F66BD7003FBCF4 /* Headers */,
				C080D0F021F66BD7003FBCF4 /* Sources */,
				C080D0F121F66BD7003FBCF4 /* Frameworks */,
				C080D0F221F66BD7003FBCF4 /* Resources */,
				C2DF3E042200FC9D00C6ACB1 /* SwiftLint */,
			);
			buildRules = (
			);
			dependencies = (
			);
			name = "AurorKit tvOS";
			productName = "AurorKit tvOS";
			productReference = C080D0F421F66BD7003FBCF4 /* AurorKit.framework */;
			productType = "com.apple.product-type.framework";
		};
		C0A6036621F680B9009EC42C /* AurorKit Tests tvOS */ = {
			isa = PBXNativeTarget;
			buildConfigurationList = C0A6036F21F680B9009EC42C /* Build configuration list for PBXNativeTarget "AurorKit Tests tvOS" */;
			buildPhases = (
				F8A666386EE3A4187B2E10D1 /* [CP] Check Pods Manifest.lock */,
				C0A6036321F680B9009EC42C /* Sources */,
				C0A6036421F680B9009EC42C /* Frameworks */,
				C0A6036521F680B9009EC42C /* Resources */,
				C2DF3E062200FCBD00C6ACB1 /* SwiftLint */,
			);
			buildRules = (
			);
			dependencies = (
				C0A6036E21F680B9009EC42C /* PBXTargetDependency */,
			);
			name = "AurorKit Tests tvOS";
			productName = "AurorKit Tests tvOS";
			productReference = C0A6036721F680B9009EC42C /* AurorKit Tests tvOS.xctest */;
			productType = "com.apple.product-type.bundle.unit-test";
		};
		C0AE177921F677E60070DD72 /* AurorKit macOS */ = {
			isa = PBXNativeTarget;
			buildConfigurationList = C0AE178121F677E70070DD72 /* Build configuration list for PBXNativeTarget "AurorKit macOS" */;
			buildPhases = (
				E11BE9D12CE66A5113846121 /* [CP] Check Pods Manifest.lock */,
				C0AE177521F677E60070DD72 /* Headers */,
				C0AE177621F677E60070DD72 /* Sources */,
				C0AE177721F677E60070DD72 /* Frameworks */,
				C0AE177821F677E60070DD72 /* Resources */,
				C2DF3E032200FC9200C6ACB1 /* SwiftLint */,
			);
			buildRules = (
			);
			dependencies = (
			);
			name = "AurorKit macOS";
			productName = "AurorKit macOS";
			productReference = C0AE177A21F677E60070DD72 /* AurorKit.framework */;
			productType = "com.apple.product-type.framework";
		};
		C0AE179721F6793A0070DD72 /* AurorKit Tests macOS */ = {
			isa = PBXNativeTarget;
			buildConfigurationList = C0AE17A221F6793A0070DD72 /* Build configuration list for PBXNativeTarget "AurorKit Tests macOS" */;
			buildPhases = (
				D0847FFCA128A5B9E4BDCF92 /* [CP] Check Pods Manifest.lock */,
				C0AE179421F6793A0070DD72 /* Sources */,
				C0AE179521F6793A0070DD72 /* Frameworks */,
				C0AE179621F6793A0070DD72 /* Resources */,
				E8C4476F852862F633685735 /* [CP] Embed Pods Frameworks */,
				C2DF3E012200FC5200C6ACB1 /* SwiftLint */,
			);
			buildRules = (
			);
			dependencies = (
				C0AE179F21F6793A0070DD72 /* PBXTargetDependency */,
			);
			name = "AurorKit Tests macOS";
			productName = "AurorKit Tests macOS";
			productReference = C0AE179821F6793A0070DD72 /* AurorKit Tests macOS.xctest */;
			productType = "com.apple.product-type.bundle.unit-test";
		};
		C0E9FD6D21F253A7009C453F /* AurorKit iOS */ = {
			isa = PBXNativeTarget;
			buildConfigurationList = C0E9FD8321F253A8009C453F /* Build configuration list for PBXNativeTarget "AurorKit iOS" */;
			buildPhases = (
				F66D570489E84E416F8936CE /* [CP] Check Pods Manifest.lock */,
				C0E9FD6921F253A7009C453F /* Headers */,
				C0E9FD6A21F253A7009C453F /* Sources */,
				C0E9FD6B21F253A7009C453F /* Frameworks */,
				C0E9FD6C21F253A7009C453F /* Resources */,
				C2DF3E022200FC8500C6ACB1 /* SwiftLint */,
			);
			buildRules = (
			);
			dependencies = (
			);
			name = "AurorKit iOS";
			productName = "Tools iOS";
			productReference = C0E9FD6E21F253A7009C453F /* AurorKit.framework */;
			productType = "com.apple.product-type.framework";
		};
		C0E9FD7521F253A8009C453F /* AurorKit Tests iOS */ = {
			isa = PBXNativeTarget;
			buildConfigurationList = C0E9FD8421F253A8009C453F /* Build configuration list for PBXNativeTarget "AurorKit Tests iOS" */;
			buildPhases = (
				13D97D2DD36A88571F7BECB0 /* [CP] Check Pods Manifest.lock */,
				C0E9FD7221F253A8009C453F /* Sources */,
				C0E9FD7321F253A8009C453F /* Frameworks */,
				C0E9FD7421F253A8009C453F /* Resources */,
				9292AE8A60A5FD1CEAE83957 /* [CP] Embed Pods Frameworks */,
				C2DF3E052200FCAD00C6ACB1 /* SwiftLint */,
			);
			buildRules = (
			);
			dependencies = (
				C0E9FD7921F253A8009C453F /* PBXTargetDependency */,
			);
			name = "AurorKit Tests iOS";
			productName = "Tools iOSTests";
			productReference = C0E9FD7621F253A8009C453F /* AurorKit Tests iOS.xctest */;
			productType = "com.apple.product-type.bundle.unit-test";
		};
/* End PBXNativeTarget section */

/* Begin PBXProject section */
		C0A94B0921F2049800FC4146 /* Project object */ = {
			isa = PBXProject;
			attributes = {
				LastSwiftUpdateCheck = 1010;
				LastUpgradeCheck = 1010;
				ORGANIZATIONNAME = Aurors;
				TargetAttributes = {
					C080D0F321F66BD7003FBCF4 = {
						CreatedOnToolsVersion = 10.1;
					};
					C0A6036621F680B9009EC42C = {
						CreatedOnToolsVersion = 10.1;
					};
					C0AE177921F677E60070DD72 = {
						CreatedOnToolsVersion = 10.1;
					};
					C0AE179721F6793A0070DD72 = {
						CreatedOnToolsVersion = 10.1;
					};
					C0E9FD6D21F253A7009C453F = {
						CreatedOnToolsVersion = 10.1;
					};
					C0E9FD7521F253A8009C453F = {
						CreatedOnToolsVersion = 10.1;
					};
				};
			};
			buildConfigurationList = C0A94B0C21F2049800FC4146 /* Build configuration list for PBXProject "AurorKit" */;
			compatibilityVersion = "Xcode 9.3";
			developmentRegion = en;
			hasScannedForEncodings = 0;
			knownRegions = (
				en,
			);
			mainGroup = C0A94B0821F2049800FC4146;
			productRefGroup = C0A94B1221F2049800FC4146 /* Products */;
			projectDirPath = "";
			projectRoot = "";
			targets = (
				C0E9FD6D21F253A7009C453F /* AurorKit iOS */,
				C0AE177921F677E60070DD72 /* AurorKit macOS */,
				C080D0F321F66BD7003FBCF4 /* AurorKit tvOS */,
				C0E9FD7521F253A8009C453F /* AurorKit Tests iOS */,
				C0AE179721F6793A0070DD72 /* AurorKit Tests macOS */,
				C0A6036621F680B9009EC42C /* AurorKit Tests tvOS */,
			);
		};
/* End PBXProject section */

/* Begin PBXResourcesBuildPhase section */
		C080D0F221F66BD7003FBCF4 /* Resources */ = {
			isa = PBXResourcesBuildPhase;
			buildActionMask = 2147483647;
			files = (
			);
			runOnlyForDeploymentPostprocessing = 0;
		};
		C0A6036521F680B9009EC42C /* Resources */ = {
			isa = PBXResourcesBuildPhase;
			buildActionMask = 2147483647;
			files = (
			);
			runOnlyForDeploymentPostprocessing = 0;
		};
		C0AE177821F677E60070DD72 /* Resources */ = {
			isa = PBXResourcesBuildPhase;
			buildActionMask = 2147483647;
			files = (
			);
			runOnlyForDeploymentPostprocessing = 0;
		};
		C0AE179621F6793A0070DD72 /* Resources */ = {
			isa = PBXResourcesBuildPhase;
			buildActionMask = 2147483647;
			files = (
			);
			runOnlyForDeploymentPostprocessing = 0;
		};
		C0E9FD6C21F253A7009C453F /* Resources */ = {
			isa = PBXResourcesBuildPhase;
			buildActionMask = 2147483647;
			files = (
			);
			runOnlyForDeploymentPostprocessing = 0;
		};
		C0E9FD7421F253A8009C453F /* Resources */ = {
			isa = PBXResourcesBuildPhase;
			buildActionMask = 2147483647;
			files = (
			);
			runOnlyForDeploymentPostprocessing = 0;
		};
/* End PBXResourcesBuildPhase section */

/* Begin PBXShellScriptBuildPhase section */
		13D97D2DD36A88571F7BECB0 /* [CP] Check Pods Manifest.lock */ = {
			isa = PBXShellScriptBuildPhase;
			buildActionMask = 2147483647;
			files = (
			);
			inputFileListPaths = (
			);
			inputPaths = (
				"${PODS_PODFILE_DIR_PATH}/Podfile.lock",
				"${PODS_ROOT}/Manifest.lock",
			);
			name = "[CP] Check Pods Manifest.lock";
			outputFileListPaths = (
			);
			outputPaths = (
				"$(DERIVED_FILE_DIR)/Pods-AurorKit Tests iOS-checkManifestLockResult.txt",
			);
			runOnlyForDeploymentPostprocessing = 0;
			shellPath = /bin/sh;
			shellScript = "diff \"${PODS_PODFILE_DIR_PATH}/Podfile.lock\" \"${PODS_ROOT}/Manifest.lock\" > /dev/null\nif [ $? != 0 ] ; then\n    # print error to STDERR\n    echo \"error: The sandbox is not in sync with the Podfile.lock. Run 'pod install' or update your CocoaPods installation.\" >&2\n    exit 1\nfi\n# This output is used by Xcode 'outputs' to avoid re-running this script phase.\necho \"SUCCESS\" > \"${SCRIPT_OUTPUT_FILE_0}\"\n";
			showEnvVarsInLog = 0;
		};
		9292AE8A60A5FD1CEAE83957 /* [CP] Embed Pods Frameworks */ = {
			isa = PBXShellScriptBuildPhase;
			buildActionMask = 2147483647;
			files = (
			);
			inputFileListPaths = (
			);
			inputPaths = (
				"${SRCROOT}/Pods/Target Support Files/Pods-AurorKit Tests iOS/Pods-AurorKit Tests iOS-frameworks.sh",
				"${BUILT_PRODUCTS_DIR}/Nimble-iOS/Nimble.framework",
				"${BUILT_PRODUCTS_DIR}/Quick-iOS/Quick.framework",
			);
			name = "[CP] Embed Pods Frameworks";
			outputFileListPaths = (
			);
			outputPaths = (
				"${TARGET_BUILD_DIR}/${FRAMEWORKS_FOLDER_PATH}/Nimble.framework",
				"${TARGET_BUILD_DIR}/${FRAMEWORKS_FOLDER_PATH}/Quick.framework",
			);
			runOnlyForDeploymentPostprocessing = 0;
			shellPath = /bin/sh;
			shellScript = "\"${SRCROOT}/Pods/Target Support Files/Pods-AurorKit Tests iOS/Pods-AurorKit Tests iOS-frameworks.sh\"\n";
			showEnvVarsInLog = 0;
		};
		C1F4F43AA3CF698836653909 /* [CP] Check Pods Manifest.lock */ = {
			isa = PBXShellScriptBuildPhase;
			buildActionMask = 2147483647;
			files = (
			);
			inputFileListPaths = (
			);
			inputPaths = (
				"${PODS_PODFILE_DIR_PATH}/Podfile.lock",
				"${PODS_ROOT}/Manifest.lock",
			);
			name = "[CP] Check Pods Manifest.lock";
			outputFileListPaths = (
			);
			outputPaths = (
				"$(DERIVED_FILE_DIR)/Pods-AurorKit tvOS-checkManifestLockResult.txt",
			);
			runOnlyForDeploymentPostprocessing = 0;
			shellPath = /bin/sh;
			shellScript = "diff \"${PODS_PODFILE_DIR_PATH}/Podfile.lock\" \"${PODS_ROOT}/Manifest.lock\" > /dev/null\nif [ $? != 0 ] ; then\n    # print error to STDERR\n    echo \"error: The sandbox is not in sync with the Podfile.lock. Run 'pod install' or update your CocoaPods installation.\" >&2\n    exit 1\nfi\n# This output is used by Xcode 'outputs' to avoid re-running this script phase.\necho \"SUCCESS\" > \"${SCRIPT_OUTPUT_FILE_0}\"\n";
			showEnvVarsInLog = 0;
		};
		C2DF3E012200FC5200C6ACB1 /* SwiftLint */ = {
			isa = PBXShellScriptBuildPhase;
			buildActionMask = 2147483647;
			files = (
			);
			inputFileListPaths = (
			);
			inputPaths = (
			);
			name = SwiftLint;
			outputFileListPaths = (
			);
			outputPaths = (
			);
			runOnlyForDeploymentPostprocessing = 0;
			shellPath = /bin/sh;
			shellScript = "if [ -z \"$CI\" ]; then\n  if which swiftlint >/dev/null; then\n    swiftlint\n  else\n    echo \"error: SwiftLint does not exist, download it from https://github.com/realm/SwiftLint\"\n    exit 1\n  fi\nfi\n";
		};
		C2DF3E022200FC8500C6ACB1 /* SwiftLint */ = {
			isa = PBXShellScriptBuildPhase;
			buildActionMask = 2147483647;
			files = (
			);
			inputFileListPaths = (
			);
			inputPaths = (
			);
			name = SwiftLint;
			outputFileListPaths = (
			);
			outputPaths = (
			);
			runOnlyForDeploymentPostprocessing = 0;
			shellPath = /bin/sh;
			shellScript = "if [ -z \"$CI\" ]; then\n  if which swiftlint >/dev/null; then\n    swiftlint\n  else\n    echo \"error: SwiftLint does not exist, download it from https://github.com/realm/SwiftLint\"\n    exit 1\n  fi\nfi\n";
		};
		C2DF3E032200FC9200C6ACB1 /* SwiftLint */ = {
			isa = PBXShellScriptBuildPhase;
			buildActionMask = 2147483647;
			files = (
			);
			inputFileListPaths = (
			);
			inputPaths = (
			);
			name = SwiftLint;
			outputFileListPaths = (
			);
			outputPaths = (
			);
			runOnlyForDeploymentPostprocessing = 0;
			shellPath = /bin/sh;
			shellScript = "if [ -z \"$CI\" ]; then\n  if which swiftlint >/dev/null; then\n    swiftlint\n  else\n    echo \"error: SwiftLint does not exist, download it from https://github.com/realm/SwiftLint\"\n    exit 1\n  fi\nfi\n";
		};
		C2DF3E042200FC9D00C6ACB1 /* SwiftLint */ = {
			isa = PBXShellScriptBuildPhase;
			buildActionMask = 2147483647;
			files = (
			);
			inputFileListPaths = (
			);
			inputPaths = (
			);
			name = SwiftLint;
			outputFileListPaths = (
			);
			outputPaths = (
			);
			runOnlyForDeploymentPostprocessing = 0;
			shellPath = /bin/sh;
			shellScript = "if [ -z \"$CI\" ]; then\n  if which swiftlint >/dev/null; then\n    swiftlint\n  else\n    echo \"error: SwiftLint does not exist, download it from https://github.com/realm/SwiftLint\"\n    exit 1\n  fi\nfi\n";
		};
		C2DF3E052200FCAD00C6ACB1 /* SwiftLint */ = {
			isa = PBXShellScriptBuildPhase;
			buildActionMask = 2147483647;
			files = (
			);
			inputFileListPaths = (
			);
			inputPaths = (
			);
			name = SwiftLint;
			outputFileListPaths = (
			);
			outputPaths = (
			);
			runOnlyForDeploymentPostprocessing = 0;
			shellPath = /bin/sh;
			shellScript = "if [ -z \"$CI\" ]; then\n  if which swiftlint >/dev/null; then\n    swiftlint\n  else\n    echo \"error: SwiftLint does not exist, download it from https://github.com/realm/SwiftLint\"\n    exit 1\n  fi\nfi\n";
		};
		C2DF3E062200FCBD00C6ACB1 /* SwiftLint */ = {
			isa = PBXShellScriptBuildPhase;
			buildActionMask = 2147483647;
			files = (
			);
			inputFileListPaths = (
			);
			inputPaths = (
			);
			name = SwiftLint;
			outputFileListPaths = (
			);
			outputPaths = (
			);
			runOnlyForDeploymentPostprocessing = 0;
			shellPath = /bin/sh;
			shellScript = "if [ -z \"$CI\" ]; then\n  if which swiftlint >/dev/null; then\n    swiftlint\n  else\n    echo \"error: SwiftLint does not exist, download it from https://github.com/realm/SwiftLint\"\n    exit 1\n  fi\nfi\n";
		};
		D0847FFCA128A5B9E4BDCF92 /* [CP] Check Pods Manifest.lock */ = {
			isa = PBXShellScriptBuildPhase;
			buildActionMask = 2147483647;
			files = (
			);
			inputFileListPaths = (
			);
			inputPaths = (
				"${PODS_PODFILE_DIR_PATH}/Podfile.lock",
				"${PODS_ROOT}/Manifest.lock",
			);
			name = "[CP] Check Pods Manifest.lock";
			outputFileListPaths = (
			);
			outputPaths = (
				"$(DERIVED_FILE_DIR)/Pods-AurorKit Tests macOS-checkManifestLockResult.txt",
			);
			runOnlyForDeploymentPostprocessing = 0;
			shellPath = /bin/sh;
			shellScript = "diff \"${PODS_PODFILE_DIR_PATH}/Podfile.lock\" \"${PODS_ROOT}/Manifest.lock\" > /dev/null\nif [ $? != 0 ] ; then\n    # print error to STDERR\n    echo \"error: The sandbox is not in sync with the Podfile.lock. Run 'pod install' or update your CocoaPods installation.\" >&2\n    exit 1\nfi\n# This output is used by Xcode 'outputs' to avoid re-running this script phase.\necho \"SUCCESS\" > \"${SCRIPT_OUTPUT_FILE_0}\"\n";
			showEnvVarsInLog = 0;
		};
		E11BE9D12CE66A5113846121 /* [CP] Check Pods Manifest.lock */ = {
			isa = PBXShellScriptBuildPhase;
			buildActionMask = 2147483647;
			files = (
			);
			inputFileListPaths = (
			);
			inputPaths = (
				"${PODS_PODFILE_DIR_PATH}/Podfile.lock",
				"${PODS_ROOT}/Manifest.lock",
			);
			name = "[CP] Check Pods Manifest.lock";
			outputFileListPaths = (
			);
			outputPaths = (
				"$(DERIVED_FILE_DIR)/Pods-AurorKit macOS-checkManifestLockResult.txt",
			);
			runOnlyForDeploymentPostprocessing = 0;
			shellPath = /bin/sh;
			shellScript = "diff \"${PODS_PODFILE_DIR_PATH}/Podfile.lock\" \"${PODS_ROOT}/Manifest.lock\" > /dev/null\nif [ $? != 0 ] ; then\n    # print error to STDERR\n    echo \"error: The sandbox is not in sync with the Podfile.lock. Run 'pod install' or update your CocoaPods installation.\" >&2\n    exit 1\nfi\n# This output is used by Xcode 'outputs' to avoid re-running this script phase.\necho \"SUCCESS\" > \"${SCRIPT_OUTPUT_FILE_0}\"\n";
			showEnvVarsInLog = 0;
		};
		E8C4476F852862F633685735 /* [CP] Embed Pods Frameworks */ = {
			isa = PBXShellScriptBuildPhase;
			buildActionMask = 2147483647;
			files = (
			);
			inputFileListPaths = (
			);
			inputPaths = (
				"${SRCROOT}/Pods/Target Support Files/Pods-AurorKit Tests macOS/Pods-AurorKit Tests macOS-frameworks.sh",
				"${BUILT_PRODUCTS_DIR}/Nimble-macOS/Nimble.framework",
				"${BUILT_PRODUCTS_DIR}/Quick-macOS/Quick.framework",
			);
			name = "[CP] Embed Pods Frameworks";
			outputFileListPaths = (
			);
			outputPaths = (
				"${TARGET_BUILD_DIR}/${FRAMEWORKS_FOLDER_PATH}/Nimble.framework",
				"${TARGET_BUILD_DIR}/${FRAMEWORKS_FOLDER_PATH}/Quick.framework",
			);
			runOnlyForDeploymentPostprocessing = 0;
			shellPath = /bin/sh;
			shellScript = "\"${SRCROOT}/Pods/Target Support Files/Pods-AurorKit Tests macOS/Pods-AurorKit Tests macOS-frameworks.sh\"\n";
			showEnvVarsInLog = 0;
		};
		F66D570489E84E416F8936CE /* [CP] Check Pods Manifest.lock */ = {
			isa = PBXShellScriptBuildPhase;
			buildActionMask = 2147483647;
			files = (
			);
			inputFileListPaths = (
			);
			inputPaths = (
				"${PODS_PODFILE_DIR_PATH}/Podfile.lock",
				"${PODS_ROOT}/Manifest.lock",
			);
			name = "[CP] Check Pods Manifest.lock";
			outputFileListPaths = (
			);
			outputPaths = (
				"$(DERIVED_FILE_DIR)/Pods-AurorKit iOS-checkManifestLockResult.txt",
			);
			runOnlyForDeploymentPostprocessing = 0;
			shellPath = /bin/sh;
			shellScript = "diff \"${PODS_PODFILE_DIR_PATH}/Podfile.lock\" \"${PODS_ROOT}/Manifest.lock\" > /dev/null\nif [ $? != 0 ] ; then\n    # print error to STDERR\n    echo \"error: The sandbox is not in sync with the Podfile.lock. Run 'pod install' or update your CocoaPods installation.\" >&2\n    exit 1\nfi\n# This output is used by Xcode 'outputs' to avoid re-running this script phase.\necho \"SUCCESS\" > \"${SCRIPT_OUTPUT_FILE_0}\"\n";
			showEnvVarsInLog = 0;
		};
		F8A666386EE3A4187B2E10D1 /* [CP] Check Pods Manifest.lock */ = {
			isa = PBXShellScriptBuildPhase;
			buildActionMask = 2147483647;
			files = (
			);
			inputFileListPaths = (
			);
			inputPaths = (
				"${PODS_PODFILE_DIR_PATH}/Podfile.lock",
				"${PODS_ROOT}/Manifest.lock",
			);
			name = "[CP] Check Pods Manifest.lock";
			outputFileListPaths = (
			);
			outputPaths = (
				"$(DERIVED_FILE_DIR)/Pods-AurorKit Tests tvOS-checkManifestLockResult.txt",
			);
			runOnlyForDeploymentPostprocessing = 0;
			shellPath = /bin/sh;
			shellScript = "diff \"${PODS_PODFILE_DIR_PATH}/Podfile.lock\" \"${PODS_ROOT}/Manifest.lock\" > /dev/null\nif [ $? != 0 ] ; then\n    # print error to STDERR\n    echo \"error: The sandbox is not in sync with the Podfile.lock. Run 'pod install' or update your CocoaPods installation.\" >&2\n    exit 1\nfi\n# This output is used by Xcode 'outputs' to avoid re-running this script phase.\necho \"SUCCESS\" > \"${SCRIPT_OUTPUT_FILE_0}\"\n";
			showEnvVarsInLog = 0;
		};
/* End PBXShellScriptBuildPhase section */

/* Begin PBXSourcesBuildPhase section */
		C080D0F021F66BD7003FBCF4 /* Sources */ = {
			isa = PBXSourcesBuildPhase;
			buildActionMask = 2147483647;
			files = (
				C080D10021F66C64003FBCF4 /* CGRectExtension.swift in Sources */,
				C080D10A21F66C77003FBCF4 /* UIEdgeInsetsExtension.swift in Sources */,
				C080D10921F66C77003FBCF4 /* UIColorExtension.swift in Sources */,
				C080D10D21F66C77003FBCF4 /* UIWindowExtension.swift in Sources */,
				C080D10221F66C6A003FBCF4 /* CollectionExtension.swift in Sources */,
				C080D10721F66C77003FBCF4 /* RangeReplaceableCollectionExtension.swift in Sources */,
				C080D0FE21F66C5F003FBCF4 /* ArrayExtension.swift in Sources */,
				C080D10121F66C68003FBCF4 /* CGSizeExtension.swift in Sources */,
				C080D10621F66C77003FBCF4 /* NSLayoutConstraintExtension.swift in Sources */,
				C080D10C21F66C77003FBCF4 /* UIViewExtension.swift in Sources */,
				C080D0FD21F66C5B003FBCF4 /* EventConnection.swift in Sources */,
				C080D10321F66C6D003FBCF4 /* ContiguousArrayExtension.swift in Sources */,
				C080D0FF21F66C62003FBCF4 /* CGPointExtension.swift in Sources */,
				C080D10421F66C70003FBCF4 /* DataExtension.swift in Sources */,
				C080D10521F66C72003FBCF4 /* FloatingPointExtension.swift in Sources */,
				C080D10821F66C77003FBCF4 /* StringExtension.swift in Sources */,
				C080D0FC21F66C59003FBCF4 /* Event.swift in Sources */,
				C080D10B21F66C77003FBCF4 /* UIImageExtension.swift in Sources */,
			);
			runOnlyForDeploymentPostprocessing = 0;
		};
		C0A6036321F680B9009EC42C /* Sources */ = {
			isa = PBXSourcesBuildPhase;
			buildActionMask = 2147483647;
			files = (
				C0A6037621F682D3009EC42C /* Tests.swift in Sources */,
			);
			runOnlyForDeploymentPostprocessing = 0;
		};
		C0AE177621F677E60070DD72 /* Sources */ = {
			isa = PBXSourcesBuildPhase;
			buildActionMask = 2147483647;
			files = (
				C0AE178621F6785A0070DD72 /* CGRectExtension.swift in Sources */,
				C0AE178821F6785A0070DD72 /* CollectionExtension.swift in Sources */,
				C0AE178D21F6785A0070DD72 /* RangeReplaceableCollectionExtension.swift in Sources */,
				C0AE178421F6785A0070DD72 /* ArrayExtension.swift in Sources */,
				C0AE178721F6785A0070DD72 /* CGSizeExtension.swift in Sources */,
				C0AE178321F678520070DD72 /* EventConnection.swift in Sources */,
				C0AE178921F6785A0070DD72 /* ContiguousArrayExtension.swift in Sources */,
				C0AE178521F6785A0070DD72 /* CGPointExtension.swift in Sources */,
				C0AE178A21F6785A0070DD72 /* DataExtension.swift in Sources */,
				C0AE178B21F6785A0070DD72 /* FloatingPointExtension.swift in Sources */,
				C0AE178E21F6785A0070DD72 /* StringExtension.swift in Sources */,
				C0AE178221F678520070DD72 /* Event.swift in Sources */,
			);
			runOnlyForDeploymentPostprocessing = 0;
		};
		C0AE179421F6793A0070DD72 /* Sources */ = {
			isa = PBXSourcesBuildPhase;
			buildActionMask = 2147483647;
			files = (
				C0AE17A921F679EB0070DD72 /* CGSizeExtensionTests.swift in Sources */,
				C0AE17A821F679EB0070DD72 /* CGRectExtensionTests.swift in Sources */,
				C0AE17A521F679E30070DD72 /* EventConnectionTests.swift in Sources */,
				C0AE17AA21F679EB0070DD72 /* CollectionExtensionTests.swift in Sources */,
				C0AE17B021F679EB0070DD72 /* StringExtensionTests.swift in Sources */,
				C0AE17AC21F679EB0070DD72 /* DataExtensionTests.swift in Sources */,
				C0AE17AF21F679EB0070DD72 /* RangeReplaceableCollectionExtensionTests.swift in Sources */,
				C0AE17A421F679E30070DD72 /* EventTests.swift in Sources */,
				C0AE17AB21F679EB0070DD72 /* ContiguousArrayExtensionTests.swift in Sources */,
				C0AE17A721F679EB0070DD72 /* CGPointExtensionTests.swift in Sources */,
				C0A6037721F682D4009EC42C /* Tests.swift in Sources */,
				C0AE17AD21F679EB0070DD72 /* FloatingPointExtensionTests.swift in Sources */,
				C0AE17A621F679EB0070DD72 /* ArrayExtensionTests.swift in Sources */,
			);
			runOnlyForDeploymentPostprocessing = 0;
		};
		C0E9FD6A21F253A7009C453F /* Sources */ = {
			isa = PBXSourcesBuildPhase;
			buildActionMask = 2147483647;
			files = (
				C05A654021F343C30038EC55 /* CollectionExtension.swift in Sources */,
				C05A653621F26D5B0038EC55 /* EventConnection.swift in Sources */,
				C05A655421F35AF80038EC55 /* CGSizeExtension.swift in Sources */,
				C0252D5521F3A35E00F41A26 /* ArrayExtension.swift in Sources */,
				C05A654321F3450D0038EC55 /* RangeReplaceableCollectionExtension.swift in Sources */,
				C0AFE91E21F4F29600A7005D /* UIColorExtension.swift in Sources */,
				C05A653521F26D590038EC55 /* Event.swift in Sources */,
				C0336CE921F4B293006A182C /* UIViewExtension.swift in Sources */,
				C0252D7121F3DCD100F41A26 /* NSLayoutConstraintExtension.swift in Sources */,
				C05A655221F35AA70038EC55 /* CGRectExtension.swift in Sources */,
				C0252D7821F3E43F00F41A26 /* UIImageExtension.swift in Sources */,
				C05A654621F353DA0038EC55 /* ContiguousArrayExtension.swift in Sources */,
				C0252D6521F3D0A900F41A26 /* StringExtension.swift in Sources */,
				C0252D5E21F3BEAA00F41A26 /* FloatingPointExtension.swift in Sources */,
				C0336CEF21F4B955006A182C /* UIWindowExtension.swift in Sources */,
				C05A654921F354C50038EC55 /* CGPointExtension.swift in Sources */,
				C0252D7621F3E33500F41A26 /* UIEdgeInsetsExtension.swift in Sources */,
				C0252D5721F3A5AC00F41A26 /* DataExtension.swift in Sources */,
			);
			runOnlyForDeploymentPostprocessing = 0;
		};
		C0E9FD7221F253A8009C453F /* Sources */ = {
			isa = PBXSourcesBuildPhase;
			buildActionMask = 2147483647;
			files = (
				C05A656321F39A9B0038EC55 /* RangeReplaceableCollectionExtensionTests.swift in Sources */,
				C05A653821F282330038EC55 /* EventConnectionTests.swift in Sources */,
				C05A655721F35FF40038EC55 /* CGSizeExtensionTests.swift in Sources */,
				C05A653421F26C3C0038EC55 /* EventTests.swift in Sources */,
				C0252D7A21F3E4F200F41A26 /* UIImageExtensionTests.swift in Sources */,
				C05A655F21F3951A0038EC55 /* CollectionExtensionTests.swift in Sources */,
				C0252D6421F3D0A300F41A26 /* StringExtensionTests.swift in Sources */,
				C0252D5C21F3BDF300F41A26 /* DataExtensionTests.swift in Sources */,
				C05A655021F357060038EC55 /* CGPointExtensionTests.swift in Sources */,
				C0252D6021F3BEED00F41A26 /* FloatingPointExtensionTests.swift in Sources */,
				C05A656121F399DE0038EC55 /* ContiguousArrayExtensionTests.swift in Sources */,
				C05A654E21F355340038EC55 /* ArrayExtensionTests.swift in Sources */,
				C05A655A21F368830038EC55 /* CGRectExtensionTests.swift in Sources */,
				C0AFE92021F4F63500A7005D /* UIColorExtensionTests.swift in Sources */,
				C0336CF121F4B9F2006A182C /* UIWindowExtensionTests.swift in Sources */,
				C0252D7521F3E33000F41A26 /* UIEdgeInsetsExtensionTests.swift in Sources */,
				C0A6037521F682D3009EC42C /* Tests.swift in Sources */,
				C0336CED21F4B42A006A182C /* UIViewExtensionTests.swift in Sources */,
				C0252D7021F3DCCD00F41A26 /* NSLayoutConstraintTests.swift in Sources */,
			);
			runOnlyForDeploymentPostprocessing = 0;
		};
/* End PBXSourcesBuildPhase section */

/* Begin PBXTargetDependency section */
		C0A6036E21F680B9009EC42C /* PBXTargetDependency */ = {
			isa = PBXTargetDependency;
			target = C080D0F321F66BD7003FBCF4 /* AurorKit tvOS */;
			targetProxy = C0A6036D21F680B9009EC42C /* PBXContainerItemProxy */;
		};
		C0AE179F21F6793A0070DD72 /* PBXTargetDependency */ = {
			isa = PBXTargetDependency;
			target = C0AE177921F677E60070DD72 /* AurorKit macOS */;
			targetProxy = C0AE179E21F6793A0070DD72 /* PBXContainerItemProxy */;
		};
		C0E9FD7921F253A8009C453F /* PBXTargetDependency */ = {
			isa = PBXTargetDependency;
			target = C0E9FD6D21F253A7009C453F /* AurorKit iOS */;
			targetProxy = C0E9FD7821F253A8009C453F /* PBXContainerItemProxy */;
		};
/* End PBXTargetDependency section */

/* Begin XCBuildConfiguration section */
		C080D0FA21F66BD7003FBCF4 /* Debug */ = {
			isa = XCBuildConfiguration;
			baseConfigurationReference = D747C59744FA10EC5ED9298D /* Pods-AurorKit tvOS.debug.xcconfig */;
			buildSettings = {
				CODE_SIGN_IDENTITY = "";
				CODE_SIGN_STYLE = Automatic;
				CURRENT_PROJECT_VERSION = 1;
				DEFINES_MODULE = YES;
				DEVELOPMENT_TEAM = "";
				DYLIB_COMPATIBILITY_VERSION = 1;
				DYLIB_CURRENT_VERSION = 1;
				DYLIB_INSTALL_NAME_BASE = "@rpath";
				ENABLE_TESTABILITY = NO;
				INFOPLIST_FILE = AurorKit/Info.plist;
				INSTALL_PATH = "$(LOCAL_LIBRARY_DIR)/Frameworks";
				LD_RUNPATH_SEARCH_PATHS = (
					"$(inherited)",
					"@executable_path/Frameworks",
					"@loader_path/Frameworks",
				);
				PRODUCT_BUNDLE_IDENTIFIER = com.Aurors.AurorKit;
				PRODUCT_NAME = AurorKit;
				SDKROOT = appletvos;
				SKIP_INSTALL = YES;
				SWIFT_VERSION = 4.2;
				TARGETED_DEVICE_FAMILY = 3;
				TVOS_DEPLOYMENT_TARGET = 10.0;
				VERSIONING_SYSTEM = "apple-generic";
				VERSION_INFO_PREFIX = "";
			};
			name = Debug;
		};
		C080D0FB21F66BD7003FBCF4 /* Release */ = {
			isa = XCBuildConfiguration;
			baseConfigurationReference = 41E970DCF7C6C31014757D38 /* Pods-AurorKit tvOS.release.xcconfig */;
			buildSettings = {
				CODE_SIGN_IDENTITY = "";
				CODE_SIGN_STYLE = Automatic;
				CURRENT_PROJECT_VERSION = 1;
				DEFINES_MODULE = YES;
				DEVELOPMENT_TEAM = "";
				DYLIB_COMPATIBILITY_VERSION = 1;
				DYLIB_CURRENT_VERSION = 1;
				DYLIB_INSTALL_NAME_BASE = "@rpath";
				INFOPLIST_FILE = AurorKit/Info.plist;
				INSTALL_PATH = "$(LOCAL_LIBRARY_DIR)/Frameworks";
				LD_RUNPATH_SEARCH_PATHS = (
					"$(inherited)",
					"@executable_path/Frameworks",
					"@loader_path/Frameworks",
				);
				PRODUCT_BUNDLE_IDENTIFIER = com.Aurors.AurorKit;
				PRODUCT_NAME = AurorKit;
				SDKROOT = appletvos;
				SKIP_INSTALL = YES;
				SWIFT_VERSION = 4.2;
				TARGETED_DEVICE_FAMILY = 3;
				TVOS_DEPLOYMENT_TARGET = 10.0;
				VERSIONING_SYSTEM = "apple-generic";
				VERSION_INFO_PREFIX = "";
			};
			name = Release;
		};
		C0A6037021F680B9009EC42C /* Debug */ = {
			isa = XCBuildConfiguration;
			baseConfigurationReference = 86F2C0ACD94EC7673833AE84 /* Pods-AurorKit Tests tvOS.debug.xcconfig */;
			buildSettings = {
				ALWAYS_EMBED_SWIFT_STANDARD_LIBRARIES = "$(inherited)";
				CODE_SIGN_STYLE = Automatic;
				DEVELOPMENT_TEAM = "";
				INFOPLIST_FILE = AurorKitTests/Info.plist;
				LD_RUNPATH_SEARCH_PATHS = (
					"$(inherited)",
					"@executable_path/Frameworks",
					"@loader_path/Frameworks",
				);
				PRODUCT_BUNDLE_IDENTIFIER = "com.Aurors.AurorKit.Tests-tvOS";
				PRODUCT_NAME = "$(TARGET_NAME)";
				SDKROOT = appletvos;
				SWIFT_VERSION = 4.2;
				TARGETED_DEVICE_FAMILY = 3;
				TVOS_DEPLOYMENT_TARGET = 10.0;
			};
			name = Debug;
		};
		C0A6037121F680B9009EC42C /* Release */ = {
			isa = XCBuildConfiguration;
			baseConfigurationReference = 673888F294850D16CD82D675 /* Pods-AurorKit Tests tvOS.release.xcconfig */;
			buildSettings = {
				ALWAYS_EMBED_SWIFT_STANDARD_LIBRARIES = "$(inherited)";
				CODE_SIGN_STYLE = Automatic;
				DEVELOPMENT_TEAM = "";
				INFOPLIST_FILE = AurorKitTests/Info.plist;
				LD_RUNPATH_SEARCH_PATHS = (
					"$(inherited)",
					"@executable_path/Frameworks",
					"@loader_path/Frameworks",
				);
				PRODUCT_BUNDLE_IDENTIFIER = "com.Aurors.AurorKit.Tests-tvOS";
				PRODUCT_NAME = "$(TARGET_NAME)";
				SDKROOT = appletvos;
				SWIFT_VERSION = 4.2;
				TARGETED_DEVICE_FAMILY = 3;
				TVOS_DEPLOYMENT_TARGET = 10.0;
			};
			name = Release;
		};
		C0A94B1621F2049800FC4146 /* Debug */ = {
			isa = XCBuildConfiguration;
			buildSettings = {
				ALWAYS_SEARCH_USER_PATHS = NO;
				CLANG_ANALYZER_NONNULL = YES;
				CLANG_ANALYZER_NUMBER_OBJECT_CONVERSION = YES_AGGRESSIVE;
				CLANG_CXX_LANGUAGE_STANDARD = "gnu++14";
				CLANG_CXX_LIBRARY = "libc++";
				CLANG_ENABLE_MODULES = YES;
				CLANG_ENABLE_OBJC_ARC = YES;
				CLANG_ENABLE_OBJC_WEAK = YES;
				CLANG_WARN_BLOCK_CAPTURE_AUTORELEASING = YES;
				CLANG_WARN_BOOL_CONVERSION = YES;
				CLANG_WARN_COMMA = YES;
				CLANG_WARN_CONSTANT_CONVERSION = YES;
				CLANG_WARN_DEPRECATED_OBJC_IMPLEMENTATIONS = YES;
				CLANG_WARN_DIRECT_OBJC_ISA_USAGE = YES_ERROR;
				CLANG_WARN_DOCUMENTATION_COMMENTS = YES;
				CLANG_WARN_EMPTY_BODY = YES;
				CLANG_WARN_ENUM_CONVERSION = YES;
				CLANG_WARN_INFINITE_RECURSION = YES;
				CLANG_WARN_INT_CONVERSION = YES;
				CLANG_WARN_NON_LITERAL_NULL_CONVERSION = YES;
				CLANG_WARN_OBJC_IMPLICIT_RETAIN_SELF = YES;
				CLANG_WARN_OBJC_LITERAL_CONVERSION = YES;
				CLANG_WARN_OBJC_ROOT_CLASS = YES_ERROR;
				CLANG_WARN_RANGE_LOOP_ANALYSIS = YES;
				CLANG_WARN_STRICT_PROTOTYPES = YES;
				CLANG_WARN_SUSPICIOUS_MOVE = YES;
				CLANG_WARN_UNGUARDED_AVAILABILITY = YES_AGGRESSIVE;
				CLANG_WARN_UNREACHABLE_CODE = YES;
				CLANG_WARN__DUPLICATE_METHOD_MATCH = YES;
				CODE_SIGN_IDENTITY = "";
				COPY_PHASE_STRIP = NO;
				DEBUG_INFORMATION_FORMAT = dwarf;
				ENABLE_STRICT_OBJC_MSGSEND = YES;
				ENABLE_TESTABILITY = YES;
				GCC_C_LANGUAGE_STANDARD = gnu11;
				GCC_DYNAMIC_NO_PIC = NO;
				GCC_NO_COMMON_BLOCKS = YES;
				GCC_OPTIMIZATION_LEVEL = 0;
				GCC_PREPROCESSOR_DEFINITIONS = (
					"DEBUG=1",
					"$(inherited)",
				);
				GCC_WARN_64_TO_32_BIT_CONVERSION = YES;
				GCC_WARN_ABOUT_RETURN_TYPE = YES_ERROR;
				GCC_WARN_UNDECLARED_SELECTOR = YES;
				GCC_WARN_UNINITIALIZED_AUTOS = YES_AGGRESSIVE;
				GCC_WARN_UNUSED_FUNCTION = YES;
				GCC_WARN_UNUSED_VARIABLE = YES;
				IPHONEOS_DEPLOYMENT_TARGET = 10.0;
				MACOSX_DEPLOYMENT_TARGET = 10.12;
				MTL_ENABLE_DEBUG_INFO = INCLUDE_SOURCE;
				MTL_FAST_MATH = YES;
				ONLY_ACTIVE_ARCH = YES;
				SDKROOT = iphoneos;
				SWIFT_ACTIVE_COMPILATION_CONDITIONS = DEBUG;
				SWIFT_OPTIMIZATION_LEVEL = "-Onone";
			};
			name = Debug;
		};
		C0A94B1721F2049800FC4146 /* Release */ = {
			isa = XCBuildConfiguration;
			buildSettings = {
				ALWAYS_SEARCH_USER_PATHS = NO;
				CLANG_ANALYZER_NONNULL = YES;
				CLANG_ANALYZER_NUMBER_OBJECT_CONVERSION = YES_AGGRESSIVE;
				CLANG_CXX_LANGUAGE_STANDARD = "gnu++14";
				CLANG_CXX_LIBRARY = "libc++";
				CLANG_ENABLE_MODULES = YES;
				CLANG_ENABLE_OBJC_ARC = YES;
				CLANG_ENABLE_OBJC_WEAK = YES;
				CLANG_WARN_BLOCK_CAPTURE_AUTORELEASING = YES;
				CLANG_WARN_BOOL_CONVERSION = YES;
				CLANG_WARN_COMMA = YES;
				CLANG_WARN_CONSTANT_CONVERSION = YES;
				CLANG_WARN_DEPRECATED_OBJC_IMPLEMENTATIONS = YES;
				CLANG_WARN_DIRECT_OBJC_ISA_USAGE = YES_ERROR;
				CLANG_WARN_DOCUMENTATION_COMMENTS = YES;
				CLANG_WARN_EMPTY_BODY = YES;
				CLANG_WARN_ENUM_CONVERSION = YES;
				CLANG_WARN_INFINITE_RECURSION = YES;
				CLANG_WARN_INT_CONVERSION = YES;
				CLANG_WARN_NON_LITERAL_NULL_CONVERSION = YES;
				CLANG_WARN_OBJC_IMPLICIT_RETAIN_SELF = YES;
				CLANG_WARN_OBJC_LITERAL_CONVERSION = YES;
				CLANG_WARN_OBJC_ROOT_CLASS = YES_ERROR;
				CLANG_WARN_RANGE_LOOP_ANALYSIS = YES;
				CLANG_WARN_STRICT_PROTOTYPES = YES;
				CLANG_WARN_SUSPICIOUS_MOVE = YES;
				CLANG_WARN_UNGUARDED_AVAILABILITY = YES_AGGRESSIVE;
				CLANG_WARN_UNREACHABLE_CODE = YES;
				CLANG_WARN__DUPLICATE_METHOD_MATCH = YES;
				CODE_SIGN_IDENTITY = "";
				COPY_PHASE_STRIP = NO;
				DEBUG_INFORMATION_FORMAT = "dwarf-with-dsym";
				ENABLE_NS_ASSERTIONS = NO;
				ENABLE_STRICT_OBJC_MSGSEND = YES;
				GCC_C_LANGUAGE_STANDARD = gnu11;
				GCC_NO_COMMON_BLOCKS = YES;
				GCC_WARN_64_TO_32_BIT_CONVERSION = YES;
				GCC_WARN_ABOUT_RETURN_TYPE = YES_ERROR;
				GCC_WARN_UNDECLARED_SELECTOR = YES;
				GCC_WARN_UNINITIALIZED_AUTOS = YES_AGGRESSIVE;
				GCC_WARN_UNUSED_FUNCTION = YES;
				GCC_WARN_UNUSED_VARIABLE = YES;
				IPHONEOS_DEPLOYMENT_TARGET = 10.0;
				MACOSX_DEPLOYMENT_TARGET = 10.12;
				MTL_ENABLE_DEBUG_INFO = NO;
				MTL_FAST_MATH = YES;
				SDKROOT = iphoneos;
				SWIFT_COMPILATION_MODE = wholemodule;
				SWIFT_OPTIMIZATION_LEVEL = "-O";
				VALIDATE_PRODUCT = YES;
			};
			name = Release;
		};
		C0AE177F21F677E70070DD72 /* Debug */ = {
			isa = XCBuildConfiguration;
			baseConfigurationReference = 30DE42F6E4165D37080648E4 /* Pods-AurorKit macOS.debug.xcconfig */;
			buildSettings = {
				CODE_SIGN_IDENTITY = "-";
				CODE_SIGN_STYLE = Automatic;
				COMBINE_HIDPI_IMAGES = YES;
				CURRENT_PROJECT_VERSION = 1;
				DEFINES_MODULE = YES;
				DEVELOPMENT_TEAM = "";
				DYLIB_COMPATIBILITY_VERSION = 1;
				DYLIB_CURRENT_VERSION = 1;
				DYLIB_INSTALL_NAME_BASE = "@rpath";
				FRAMEWORK_VERSION = A;
				INFOPLIST_FILE = AurorKit/Info.plist;
				INSTALL_PATH = "$(LOCAL_LIBRARY_DIR)/Frameworks";
				LD_RUNPATH_SEARCH_PATHS = (
					"$(inherited)",
					"@executable_path/../Frameworks",
					"@loader_path/Frameworks",
				);
				MACOSX_DEPLOYMENT_TARGET = 10.12;
				PRODUCT_BUNDLE_IDENTIFIER = com.Aurors.AurorKit;
				PRODUCT_NAME = AurorKit;
				SDKROOT = macosx;
				SKIP_INSTALL = YES;
				SWIFT_VERSION = 4.2;
				VERSIONING_SYSTEM = "apple-generic";
				VERSION_INFO_PREFIX = "";
			};
			name = Debug;
		};
		C0AE178021F677E70070DD72 /* Release */ = {
			isa = XCBuildConfiguration;
			baseConfigurationReference = D36F6A818A8A1DA9E5CE5E34 /* Pods-AurorKit macOS.release.xcconfig */;
			buildSettings = {
				CODE_SIGN_IDENTITY = "-";
				CODE_SIGN_STYLE = Automatic;
				COMBINE_HIDPI_IMAGES = YES;
				CURRENT_PROJECT_VERSION = 1;
				DEFINES_MODULE = YES;
				DEVELOPMENT_TEAM = "";
				DYLIB_COMPATIBILITY_VERSION = 1;
				DYLIB_CURRENT_VERSION = 1;
				DYLIB_INSTALL_NAME_BASE = "@rpath";
				FRAMEWORK_VERSION = A;
				INFOPLIST_FILE = AurorKit/Info.plist;
				INSTALL_PATH = "$(LOCAL_LIBRARY_DIR)/Frameworks";
				LD_RUNPATH_SEARCH_PATHS = (
					"$(inherited)",
					"@executable_path/../Frameworks",
					"@loader_path/Frameworks",
				);
				MACOSX_DEPLOYMENT_TARGET = 10.12;
				PRODUCT_BUNDLE_IDENTIFIER = com.Aurors.AurorKit;
				PRODUCT_NAME = AurorKit;
				SDKROOT = macosx;
				SKIP_INSTALL = YES;
				SWIFT_VERSION = 4.2;
				VERSIONING_SYSTEM = "apple-generic";
				VERSION_INFO_PREFIX = "";
			};
			name = Release;
		};
		C0AE17A021F6793A0070DD72 /* Debug */ = {
			isa = XCBuildConfiguration;
			baseConfigurationReference = 995185B164442F4E0C9198F0 /* Pods-AurorKit Tests macOS.debug.xcconfig */;
			buildSettings = {
				ALWAYS_EMBED_SWIFT_STANDARD_LIBRARIES = "$(inherited)";
				CODE_SIGN_IDENTITY = "-";
				CODE_SIGN_STYLE = Automatic;
				COMBINE_HIDPI_IMAGES = YES;
				DEVELOPMENT_TEAM = "";
				INFOPLIST_FILE = AurorKitTests/Info.plist;
				LD_RUNPATH_SEARCH_PATHS = (
					"$(inherited)",
					"@executable_path/../Frameworks",
					"@loader_path/../Frameworks",
				);
				MACOSX_DEPLOYMENT_TARGET = 10.12;
				PRODUCT_BUNDLE_IDENTIFIER = "com.Aurors.AurorKit.Tests-macOS";
				PRODUCT_NAME = "$(TARGET_NAME)";
				PROVISIONING_PROFILE_SPECIFIER = "";
				SDKROOT = macosx;
				SWIFT_VERSION = 4.2;
			};
			name = Debug;
		};
		C0AE17A121F6793A0070DD72 /* Release */ = {
			isa = XCBuildConfiguration;
			baseConfigurationReference = 6D805ABE17E7A4C045DA5C2E /* Pods-AurorKit Tests macOS.release.xcconfig */;
			buildSettings = {
				ALWAYS_EMBED_SWIFT_STANDARD_LIBRARIES = "$(inherited)";
				CODE_SIGN_IDENTITY = "-";
				CODE_SIGN_STYLE = Automatic;
				COMBINE_HIDPI_IMAGES = YES;
				DEVELOPMENT_TEAM = "";
				INFOPLIST_FILE = AurorKitTests/Info.plist;
				LD_RUNPATH_SEARCH_PATHS = (
					"$(inherited)",
					"@executable_path/../Frameworks",
					"@loader_path/../Frameworks",
				);
				MACOSX_DEPLOYMENT_TARGET = 10.12;
				PRODUCT_BUNDLE_IDENTIFIER = "com.Aurors.AurorKit.Tests-macOS";
				PRODUCT_NAME = "$(TARGET_NAME)";
				PROVISIONING_PROFILE_SPECIFIER = "";
				SDKROOT = macosx;
				SWIFT_VERSION = 4.2;
			};
			name = Release;
		};
		C0E9FD7F21F253A8009C453F /* Debug */ = {
			isa = XCBuildConfiguration;
			baseConfigurationReference = FEDE77F67EE8D78875B43718 /* Pods-AurorKit iOS.debug.xcconfig */;
			buildSettings = {
				CODE_SIGN_IDENTITY = "";
				CODE_SIGN_STYLE = Automatic;
				CURRENT_PROJECT_VERSION = 1;
				DEFINES_MODULE = YES;
				DEVELOPMENT_TEAM = "";
				DYLIB_COMPATIBILITY_VERSION = 1;
				DYLIB_CURRENT_VERSION = 1;
				DYLIB_INSTALL_NAME_BASE = "@rpath";
				INFOPLIST_FILE = AurorKit/Info.plist;
				INSTALL_PATH = "$(LOCAL_LIBRARY_DIR)/Frameworks";
				LD_RUNPATH_SEARCH_PATHS = (
					"$(inherited)",
					"@executable_path/Frameworks",
					"@loader_path/Frameworks",
				);
				PRODUCT_BUNDLE_IDENTIFIER = com.Aurors.AurorKit;
				PRODUCT_NAME = AurorKit;
				SKIP_INSTALL = YES;
				SUPPORTED_PLATFORMS = "iphonesimulator iphoneos";
				SWIFT_VERSION = 4.2;
				TARGETED_DEVICE_FAMILY = "1,2";
				VERSIONING_SYSTEM = "apple-generic";
				VERSION_INFO_PREFIX = "";
			};
			name = Debug;
		};
		C0E9FD8021F253A8009C453F /* Release */ = {
			isa = XCBuildConfiguration;
			baseConfigurationReference = 4D88DA49C686B691E290915B /* Pods-AurorKit iOS.release.xcconfig */;
			buildSettings = {
				CODE_SIGN_IDENTITY = "";
				CODE_SIGN_STYLE = Automatic;
				CURRENT_PROJECT_VERSION = 1;
				DEFINES_MODULE = YES;
				DEVELOPMENT_TEAM = "";
				DYLIB_COMPATIBILITY_VERSION = 1;
				DYLIB_CURRENT_VERSION = 1;
				DYLIB_INSTALL_NAME_BASE = "@rpath";
				INFOPLIST_FILE = AurorKit/Info.plist;
				INSTALL_PATH = "$(LOCAL_LIBRARY_DIR)/Frameworks";
				LD_RUNPATH_SEARCH_PATHS = (
					"$(inherited)",
					"@executable_path/Frameworks",
					"@loader_path/Frameworks",
				);
				PRODUCT_BUNDLE_IDENTIFIER = com.Aurors.AurorKit;
				PRODUCT_NAME = AurorKit;
				SKIP_INSTALL = YES;
				SUPPORTED_PLATFORMS = "iphonesimulator iphoneos";
				SWIFT_VERSION = 4.2;
				TARGETED_DEVICE_FAMILY = "1,2";
				VERSIONING_SYSTEM = "apple-generic";
				VERSION_INFO_PREFIX = "";
			};
			name = Release;
		};
		C0E9FD8121F253A8009C453F /* Debug */ = {
			isa = XCBuildConfiguration;
			baseConfigurationReference = 419C987651E8C27EE4DC0711 /* Pods-AurorKit Tests iOS.debug.xcconfig */;
			buildSettings = {
				ALWAYS_EMBED_SWIFT_STANDARD_LIBRARIES = "$(inherited)";
				CODE_SIGN_STYLE = Automatic;
				DEVELOPMENT_TEAM = "";
				INFOPLIST_FILE = AurorKitTests/Info.plist;
				LD_RUNPATH_SEARCH_PATHS = (
					"$(inherited)",
					"@executable_path/Frameworks",
					"@loader_path/Frameworks",
				);
				PRODUCT_BUNDLE_IDENTIFIER = "com.Aurors.AurorKit.Tests-iOS";
				PRODUCT_NAME = "$(TARGET_NAME)";
				SWIFT_VERSION = 4.2;
				TARGETED_DEVICE_FAMILY = "1,2";
			};
			name = Debug;
		};
		C0E9FD8221F253A8009C453F /* Release */ = {
			isa = XCBuildConfiguration;
			baseConfigurationReference = D6414EEBC854146F383353DF /* Pods-AurorKit Tests iOS.release.xcconfig */;
			buildSettings = {
				ALWAYS_EMBED_SWIFT_STANDARD_LIBRARIES = "$(inherited)";
				CODE_SIGN_STYLE = Automatic;
				DEVELOPMENT_TEAM = "";
				INFOPLIST_FILE = AurorKitTests/Info.plist;
				LD_RUNPATH_SEARCH_PATHS = (
					"$(inherited)",
					"@executable_path/Frameworks",
					"@loader_path/Frameworks",
				);
				PRODUCT_BUNDLE_IDENTIFIER = "com.Aurors.AurorKit.Tests-iOS";
				PRODUCT_NAME = "$(TARGET_NAME)";
				SWIFT_VERSION = 4.2;
				TARGETED_DEVICE_FAMILY = "1,2";
			};
			name = Release;
		};
/* End XCBuildConfiguration section */

/* Begin XCConfigurationList section */
		C080D0F921F66BD7003FBCF4 /* Build configuration list for PBXNativeTarget "AurorKit tvOS" */ = {
			isa = XCConfigurationList;
			buildConfigurations = (
				C080D0FA21F66BD7003FBCF4 /* Debug */,
				C080D0FB21F66BD7003FBCF4 /* Release */,
			);
			defaultConfigurationIsVisible = 0;
			defaultConfigurationName = Release;
		};
		C0A6036F21F680B9009EC42C /* Build configuration list for PBXNativeTarget "AurorKit Tests tvOS" */ = {
			isa = XCConfigurationList;
			buildConfigurations = (
				C0A6037021F680B9009EC42C /* Debug */,
				C0A6037121F680B9009EC42C /* Release */,
			);
			defaultConfigurationIsVisible = 0;
			defaultConfigurationName = Release;
		};
		C0A94B0C21F2049800FC4146 /* Build configuration list for PBXProject "AurorKit" */ = {
			isa = XCConfigurationList;
			buildConfigurations = (
				C0A94B1621F2049800FC4146 /* Debug */,
				C0A94B1721F2049800FC4146 /* Release */,
			);
			defaultConfigurationIsVisible = 0;
			defaultConfigurationName = Release;
		};
		C0AE178121F677E70070DD72 /* Build configuration list for PBXNativeTarget "AurorKit macOS" */ = {
			isa = XCConfigurationList;
			buildConfigurations = (
				C0AE177F21F677E70070DD72 /* Debug */,
				C0AE178021F677E70070DD72 /* Release */,
			);
			defaultConfigurationIsVisible = 0;
			defaultConfigurationName = Release;
		};
		C0AE17A221F6793A0070DD72 /* Build configuration list for PBXNativeTarget "AurorKit Tests macOS" */ = {
			isa = XCConfigurationList;
			buildConfigurations = (
				C0AE17A021F6793A0070DD72 /* Debug */,
				C0AE17A121F6793A0070DD72 /* Release */,
			);
			defaultConfigurationIsVisible = 0;
			defaultConfigurationName = Release;
		};
		C0E9FD8321F253A8009C453F /* Build configuration list for PBXNativeTarget "AurorKit iOS" */ = {
			isa = XCConfigurationList;
			buildConfigurations = (
				C0E9FD7F21F253A8009C453F /* Debug */,
				C0E9FD8021F253A8009C453F /* Release */,
			);
			defaultConfigurationIsVisible = 0;
			defaultConfigurationName = Release;
		};
		C0E9FD8421F253A8009C453F /* Build configuration list for PBXNativeTarget "AurorKit Tests iOS" */ = {
			isa = XCConfigurationList;
			buildConfigurations = (
				C0E9FD8121F253A8009C453F /* Debug */,
				C0E9FD8221F253A8009C453F /* Release */,
			);
			defaultConfigurationIsVisible = 0;
			defaultConfigurationName = Release;
		};
/* End XCConfigurationList section */
	};
	rootObject = C0A94B0921F2049800FC4146 /* Project object */;
}
